// !$*UTF8*$!
{
	archiveVersion = 1;
	classes = {
	};
	objectVersion = 56;
	objects = {

/* Begin PBXBuildFile section */
		716E78D42C5FB4BF00FA9EEB /* MoviesListDTOStub.swift in Sources */ = {isa = PBXBuildFile; fileRef = 716E78AD2C5FB4BE00FA9EEB /* MoviesListDTOStub.swift */; };
		716E78D52C5FB4BF00FA9EEB /* MovieDetailsDTOStub.swift in Sources */ = {isa = PBXBuildFile; fileRef = 716E78AE2C5FB4BE00FA9EEB /* MovieDetailsDTOStub.swift */; };
		716E78D62C5FB4BF00FA9EEB /* APICacheStoreMock.swift in Sources */ = {isa = PBXBuildFile; fileRef = 716E78B02C5FB4BE00FA9EEB /* APICacheStoreMock.swift */; };
		716E78D72C5FB4BF00FA9EEB /* NetworkStoreMock.swift in Sources */ = {isa = PBXBuildFile; fileRef = 716E78B12C5FB4BE00FA9EEB /* NetworkStoreMock.swift */; };
		716E78D82C5FB4BF00FA9EEB /* MovieDetailsResponse.json in Resources */ = {isa = PBXBuildFile; fileRef = 716E78B32C5FB4BE00FA9EEB /* MovieDetailsResponse.json */; };
		716E78D92C5FB4BF00FA9EEB /* MoviesListResponse.json in Resources */ = {isa = PBXBuildFile; fileRef = 716E78B42C5FB4BE00FA9EEB /* MoviesListResponse.json */; };
		716E78DA2C5FB4BF00FA9EEB /* MovieRepoMock.swift in Sources */ = {isa = PBXBuildFile; fileRef = 716E78B62C5FB4BE00FA9EEB /* MovieRepoMock.swift */; };
		716E78DB2C5FB4BF00FA9EEB /* MoviesListRepoMock.swift in Sources */ = {isa = PBXBuildFile; fileRef = 716E78B72C5FB4BE00FA9EEB /* MoviesListRepoMock.swift */; };
		716E78DC2C5FB4BF00FA9EEB /* MovieUseCaseMock.swift in Sources */ = {isa = PBXBuildFile; fileRef = 716E78BA2C5FB4BE00FA9EEB /* MovieUseCaseMock.swift */; };
		716E78DD2C5FB4BF00FA9EEB /* MoviesListUseCaseMock.swift in Sources */ = {isa = PBXBuildFile; fileRef = 716E78BB2C5FB4BE00FA9EEB /* MoviesListUseCaseMock.swift */; };
		716E78DE2C5FB4BF00FA9EEB /* MovieStub.swift in Sources */ = {isa = PBXBuildFile; fileRef = 716E78BD2C5FB4BE00FA9EEB /* MovieStub.swift */; };
		716E78DF2C5FB4BF00FA9EEB /* MovieDetailsStub.swift in Sources */ = {isa = PBXBuildFile; fileRef = 716E78BE2C5FB4BE00FA9EEB /* MovieDetailsStub.swift */; };
		716E78E02C5FB4BF00FA9EEB /* MoviesListStub.swift in Sources */ = {isa = PBXBuildFile; fileRef = 716E78BF2C5FB4BE00FA9EEB /* MoviesListStub.swift */; };
		716E78E12C5FB4BF00FA9EEB /* CoordinatorMock.swift in Sources */ = {isa = PBXBuildFile; fileRef = 716E78C22C5FB4BE00FA9EEB /* CoordinatorMock.swift */; };
		716E78E22C5FB4BF00FA9EEB /* MoviesListRepoTests.swift in Sources */ = {isa = PBXBuildFile; fileRef = 716E78C52C5FB4BE00FA9EEB /* MoviesListRepoTests.swift */; };
		716E78E32C5FB4BF00FA9EEB /* MovieRepoTests.swift in Sources */ = {isa = PBXBuildFile; fileRef = 716E78C62C5FB4BE00FA9EEB /* MovieRepoTests.swift */; };
		716E78E42C5FB4BF00FA9EEB /* Extentions.swift in Sources */ = {isa = PBXBuildFile; fileRef = 716E78C82C5FB4BF00FA9EEB /* Extentions.swift */; };
		716E78E52C5FB4BF00FA9EEB /* ApiStatus.swift in Sources */ = {isa = PBXBuildFile; fileRef = 716E78C92C5FB4BF00FA9EEB /* ApiStatus.swift */; };
		716E78E62C5FB4BF00FA9EEB /* StubsHandler.swift in Sources */ = {isa = PBXBuildFile; fileRef = 716E78CA2C5FB4BF00FA9EEB /* StubsHandler.swift */; };
		716E78E92C5FB4BF00FA9EEB /* MoviesListViewModelTests.swift in Sources */ = {isa = PBXBuildFile; fileRef = 716E78D22C5FB4BF00FA9EEB /* MoviesListViewModelTests.swift */; };
		716E78EA2C5FB4BF00FA9EEB /* MovieDetailstViewModelTests.swift in Sources */ = {isa = PBXBuildFile; fileRef = 716E78D32C5FB4BF00FA9EEB /* MovieDetailstViewModelTests.swift */; };
		716E78ED2C5FB74000FA9EEB /* GenresUseCaseMock.swift in Sources */ = {isa = PBXBuildFile; fileRef = 716E78EC2C5FB74000FA9EEB /* GenresUseCaseMock.swift */; };
		716E78EE2C5FC59400FA9EEB /* MoviesListResponse.json in Resources */ = {isa = PBXBuildFile; fileRef = 716E78B42C5FB4BE00FA9EEB /* MoviesListResponse.json */; };
		716E78EF2C5FC59700FA9EEB /* MovieDetailsResponse.json in Resources */ = {isa = PBXBuildFile; fileRef = 716E78B32C5FB4BE00FA9EEB /* MovieDetailsResponse.json */; };
		71BAE0012C5C154500917346 /* AppDelegate.swift in Sources */ = {isa = PBXBuildFile; fileRef = 71BAE0002C5C154500917346 /* AppDelegate.swift */; };
		71BAE0032C5C154500917346 /* SceneDelegate.swift in Sources */ = {isa = PBXBuildFile; fileRef = 71BAE0022C5C154500917346 /* SceneDelegate.swift */; };
		71BAE00D2C5C154700917346 /* LaunchScreen.storyboard in Resources */ = {isa = PBXBuildFile; fileRef = 71BAE00B2C5C154700917346 /* LaunchScreen.storyboard */; };
		71BAE0222C5C154700917346 /* MoviesUITests.swift in Sources */ = {isa = PBXBuildFile; fileRef = 71BAE0212C5C154700917346 /* MoviesUITests.swift */; };
		71BAE0242C5C154700917346 /* MoviesUITestsLaunchTests.swift in Sources */ = {isa = PBXBuildFile; fileRef = 71BAE0232C5C154700917346 /* MoviesUITestsLaunchTests.swift */; };
		71DD7EB32C6028160067445B /* Common in Frameworks */ = {isa = PBXBuildFile; productRef = 71DD7EB22C6028160067445B /* Common */; };
		71DD7EB52C6028160067445B /* DataLayer in Frameworks */ = {isa = PBXBuildFile; productRef = 71DD7EB42C6028160067445B /* DataLayer */; };
		71DD7EB72C6028160067445B /* DomainLayer in Frameworks */ = {isa = PBXBuildFile; productRef = 71DD7EB62C6028160067445B /* DomainLayer */; };
		71DD7EBC2C6039E70067445B /* PresentationLayer in Frameworks */ = {isa = PBXBuildFile; productRef = 71DD7EBB2C6039E70067445B /* PresentationLayer */; };
		71DD7EBE2C604B2C0067445B /* Assets.xcassets in Resources */ = {isa = PBXBuildFile; fileRef = 71DD7EBD2C604B2C0067445B /* Assets.xcassets */; };
		71DD7EC22C6050560067445B /* MoviesListUseCaseTests.swift in Sources */ = {isa = PBXBuildFile; fileRef = 71DD7EC02C6050560067445B /* MoviesListUseCaseTests.swift */; };
		71DD7EC32C6050560067445B /* MovieUseCaseTests.swift in Sources */ = {isa = PBXBuildFile; fileRef = 71DD7EC12C6050560067445B /* MovieUseCaseTests.swift */; };
/* End PBXBuildFile section */

/* Begin PBXContainerItemProxy section */
		71BAE0142C5C154700917346 /* PBXContainerItemProxy */ = {
			isa = PBXContainerItemProxy;
			containerPortal = 71BADFF52C5C154500917346 /* Project object */;
			proxyType = 1;
			remoteGlobalIDString = 71BADFFC2C5C154500917346;
			remoteInfo = Movies;
		};
		71BAE01E2C5C154700917346 /* PBXContainerItemProxy */ = {
			isa = PBXContainerItemProxy;
			containerPortal = 71BADFF52C5C154500917346 /* Project object */;
			proxyType = 1;
			remoteGlobalIDString = 71BADFFC2C5C154500917346;
			remoteInfo = Movies;
		};
/* End PBXContainerItemProxy section */

/* Begin PBXFileReference section */
		716E78AD2C5FB4BE00FA9EEB /* MoviesListDTOStub.swift */ = {isa = PBXFileReference; fileEncoding = 4; lastKnownFileType = sourcecode.swift; path = MoviesListDTOStub.swift; sourceTree = "<group>"; };
		716E78AE2C5FB4BE00FA9EEB /* MovieDetailsDTOStub.swift */ = {isa = PBXFileReference; fileEncoding = 4; lastKnownFileType = sourcecode.swift; path = MovieDetailsDTOStub.swift; sourceTree = "<group>"; };
		716E78B02C5FB4BE00FA9EEB /* APICacheStoreMock.swift */ = {isa = PBXFileReference; fileEncoding = 4; lastKnownFileType = sourcecode.swift; path = APICacheStoreMock.swift; sourceTree = "<group>"; };
		716E78B12C5FB4BE00FA9EEB /* NetworkStoreMock.swift */ = {isa = PBXFileReference; fileEncoding = 4; lastKnownFileType = sourcecode.swift; path = NetworkStoreMock.swift; sourceTree = "<group>"; };
		716E78B32C5FB4BE00FA9EEB /* MovieDetailsResponse.json */ = {isa = PBXFileReference; fileEncoding = 4; lastKnownFileType = text.json; path = MovieDetailsResponse.json; sourceTree = "<group>"; };
		716E78B42C5FB4BE00FA9EEB /* MoviesListResponse.json */ = {isa = PBXFileReference; fileEncoding = 4; lastKnownFileType = text.json; path = MoviesListResponse.json; sourceTree = "<group>"; };
		716E78B62C5FB4BE00FA9EEB /* MovieRepoMock.swift */ = {isa = PBXFileReference; fileEncoding = 4; lastKnownFileType = sourcecode.swift; path = MovieRepoMock.swift; sourceTree = "<group>"; };
		716E78B72C5FB4BE00FA9EEB /* MoviesListRepoMock.swift */ = {isa = PBXFileReference; fileEncoding = 4; lastKnownFileType = sourcecode.swift; path = MoviesListRepoMock.swift; sourceTree = "<group>"; };
		716E78BA2C5FB4BE00FA9EEB /* MovieUseCaseMock.swift */ = {isa = PBXFileReference; fileEncoding = 4; lastKnownFileType = sourcecode.swift; path = MovieUseCaseMock.swift; sourceTree = "<group>"; };
		716E78BB2C5FB4BE00FA9EEB /* MoviesListUseCaseMock.swift */ = {isa = PBXFileReference; fileEncoding = 4; lastKnownFileType = sourcecode.swift; path = MoviesListUseCaseMock.swift; sourceTree = "<group>"; };
		716E78BD2C5FB4BE00FA9EEB /* MovieStub.swift */ = {isa = PBXFileReference; fileEncoding = 4; lastKnownFileType = sourcecode.swift; path = MovieStub.swift; sourceTree = "<group>"; };
		716E78BE2C5FB4BE00FA9EEB /* MovieDetailsStub.swift */ = {isa = PBXFileReference; fileEncoding = 4; lastKnownFileType = sourcecode.swift; path = MovieDetailsStub.swift; sourceTree = "<group>"; };
		716E78BF2C5FB4BE00FA9EEB /* MoviesListStub.swift */ = {isa = PBXFileReference; fileEncoding = 4; lastKnownFileType = sourcecode.swift; path = MoviesListStub.swift; sourceTree = "<group>"; };
		716E78C22C5FB4BE00FA9EEB /* CoordinatorMock.swift */ = {isa = PBXFileReference; fileEncoding = 4; lastKnownFileType = sourcecode.swift; path = CoordinatorMock.swift; sourceTree = "<group>"; };
		716E78C52C5FB4BE00FA9EEB /* MoviesListRepoTests.swift */ = {isa = PBXFileReference; fileEncoding = 4; lastKnownFileType = sourcecode.swift; path = MoviesListRepoTests.swift; sourceTree = "<group>"; };
		716E78C62C5FB4BE00FA9EEB /* MovieRepoTests.swift */ = {isa = PBXFileReference; fileEncoding = 4; lastKnownFileType = sourcecode.swift; path = MovieRepoTests.swift; sourceTree = "<group>"; };
		716E78C82C5FB4BF00FA9EEB /* Extentions.swift */ = {isa = PBXFileReference; fileEncoding = 4; lastKnownFileType = sourcecode.swift; path = Extentions.swift; sourceTree = "<group>"; };
		716E78C92C5FB4BF00FA9EEB /* ApiStatus.swift */ = {isa = PBXFileReference; fileEncoding = 4; lastKnownFileType = sourcecode.swift; path = ApiStatus.swift; sourceTree = "<group>"; };
		716E78CA2C5FB4BF00FA9EEB /* StubsHandler.swift */ = {isa = PBXFileReference; fileEncoding = 4; lastKnownFileType = sourcecode.swift; path = StubsHandler.swift; sourceTree = "<group>"; };
		716E78D22C5FB4BF00FA9EEB /* MoviesListViewModelTests.swift */ = {isa = PBXFileReference; fileEncoding = 4; lastKnownFileType = sourcecode.swift; path = MoviesListViewModelTests.swift; sourceTree = "<group>"; };
		716E78D32C5FB4BF00FA9EEB /* MovieDetailstViewModelTests.swift */ = {isa = PBXFileReference; fileEncoding = 4; lastKnownFileType = sourcecode.swift; path = MovieDetailstViewModelTests.swift; sourceTree = "<group>"; };
		716E78EC2C5FB74000FA9EEB /* GenresUseCaseMock.swift */ = {isa = PBXFileReference; lastKnownFileType = sourcecode.swift; path = GenresUseCaseMock.swift; sourceTree = "<group>"; };
		71A472C62C60093A00067A8E /* DataLayer */ = {isa = PBXFileReference; lastKnownFileType = wrapper; name = DataLayer; path = Movies/DataLayer; sourceTree = "<group>"; };
		71BADFFD2C5C154500917346 /* Movies.app */ = {isa = PBXFileReference; explicitFileType = wrapper.application; includeInIndex = 0; path = Movies.app; sourceTree = BUILT_PRODUCTS_DIR; };
		71BAE0002C5C154500917346 /* AppDelegate.swift */ = {isa = PBXFileReference; lastKnownFileType = sourcecode.swift; path = AppDelegate.swift; sourceTree = "<group>"; };
		71BAE0022C5C154500917346 /* SceneDelegate.swift */ = {isa = PBXFileReference; lastKnownFileType = sourcecode.swift; path = SceneDelegate.swift; sourceTree = "<group>"; };
		71BAE00C2C5C154700917346 /* Base */ = {isa = PBXFileReference; lastKnownFileType = file.storyboard; name = Base; path = Base.lproj/LaunchScreen.storyboard; sourceTree = "<group>"; };
		71BAE00E2C5C154700917346 /* Info.plist */ = {isa = PBXFileReference; lastKnownFileType = text.plist.xml; path = Info.plist; sourceTree = "<group>"; };
		71BAE0132C5C154700917346 /* MoviesTests.xctest */ = {isa = PBXFileReference; explicitFileType = wrapper.cfbundle; includeInIndex = 0; path = MoviesTests.xctest; sourceTree = BUILT_PRODUCTS_DIR; };
		71BAE01D2C5C154700917346 /* MoviesUITests.xctest */ = {isa = PBXFileReference; explicitFileType = wrapper.cfbundle; includeInIndex = 0; path = MoviesUITests.xctest; sourceTree = BUILT_PRODUCTS_DIR; };
		71BAE0212C5C154700917346 /* MoviesUITests.swift */ = {isa = PBXFileReference; lastKnownFileType = sourcecode.swift; path = MoviesUITests.swift; sourceTree = "<group>"; };
		71BAE0232C5C154700917346 /* MoviesUITestsLaunchTests.swift */ = {isa = PBXFileReference; lastKnownFileType = sourcecode.swift; path = MoviesUITestsLaunchTests.swift; sourceTree = "<group>"; };
		71DD7EB82C6030270067445B /* PresentationLayer */ = {isa = PBXFileReference; lastKnownFileType = wrapper; name = PresentationLayer; path = Movies/PresentationLayer; sourceTree = "<group>"; };
		71DD7EBD2C604B2C0067445B /* Assets.xcassets */ = {isa = PBXFileReference; lastKnownFileType = folder.assetcatalog; path = Assets.xcassets; sourceTree = "<group>"; };
		71DD7EC02C6050560067445B /* MoviesListUseCaseTests.swift */ = {isa = PBXFileReference; fileEncoding = 4; lastKnownFileType = sourcecode.swift; path = MoviesListUseCaseTests.swift; sourceTree = "<group>"; };
		71DD7EC12C6050560067445B /* MovieUseCaseTests.swift */ = {isa = PBXFileReference; fileEncoding = 4; lastKnownFileType = sourcecode.swift; path = MovieUseCaseTests.swift; sourceTree = "<group>"; };
		71F1FD4D2C60002B00A9D087 /* DomainLayer */ = {isa = PBXFileReference; lastKnownFileType = wrapper; name = DomainLayer; path = Movies/DomainLayer; sourceTree = "<group>"; };
		71F1FD512C60016800A9D087 /* Common */ = {isa = PBXFileReference; lastKnownFileType = wrapper; name = Common; path = Movies/Common; sourceTree = "<group>"; };
/* End PBXFileReference section */

/* Begin PBXFrameworksBuildPhase section */
		71BADFFA2C5C154500917346 /* Frameworks */ = {
			isa = PBXFrameworksBuildPhase;
			buildActionMask = 2147483647;
			files = (
				71DD7EB52C6028160067445B /* DataLayer in Frameworks */,
				71DD7EB32C6028160067445B /* Common in Frameworks */,
				71DD7EBC2C6039E70067445B /* PresentationLayer in Frameworks */,
				71DD7EB72C6028160067445B /* DomainLayer in Frameworks */,
			);
			runOnlyForDeploymentPostprocessing = 0;
		};
		71BAE0102C5C154700917346 /* Frameworks */ = {
			isa = PBXFrameworksBuildPhase;
			buildActionMask = 2147483647;
			files = (
			);
			runOnlyForDeploymentPostprocessing = 0;
		};
		71BAE01A2C5C154700917346 /* Frameworks */ = {
			isa = PBXFrameworksBuildPhase;
			buildActionMask = 2147483647;
			files = (
			);
			runOnlyForDeploymentPostprocessing = 0;
		};
/* End PBXFrameworksBuildPhase section */

/* Begin PBXGroup section */
		716E77A92C5C184100FA9EEB /* Resources */ = {
			isa = PBXGroup;
			children = (
				71BAE00B2C5C154700917346 /* LaunchScreen.storyboard */,
				71DD7EBD2C604B2C0067445B /* Assets.xcassets */,
			);
			path = Resources;
			sourceTree = "<group>";
		};
		716E78AA2C5FB4BE00FA9EEB /* TestDoubles */ = {
			isa = PBXGroup;
			children = (
				716E78AB2C5FB4BE00FA9EEB /* Data */,
				716E78B82C5FB4BE00FA9EEB /* Domain */,
				716E78C02C5FB4BE00FA9EEB /* Presentation */,
			);
			path = TestDoubles;
			sourceTree = "<group>";
		};
		716E78AB2C5FB4BE00FA9EEB /* Data */ = {
			isa = PBXGroup;
			children = (
				716E78AC2C5FB4BE00FA9EEB /* Data Models */,
				716E78AF2C5FB4BE00FA9EEB /* Data source */,
				716E78B22C5FB4BE00FA9EEB /* Json */,
				716E78B52C5FB4BE00FA9EEB /* Repo */,
			);
			path = Data;
			sourceTree = "<group>";
		};
		716E78AC2C5FB4BE00FA9EEB /* Data Models */ = {
			isa = PBXGroup;
			children = (
				716E78AD2C5FB4BE00FA9EEB /* MoviesListDTOStub.swift */,
				716E78AE2C5FB4BE00FA9EEB /* MovieDetailsDTOStub.swift */,
			);
			path = "Data Models";
			sourceTree = "<group>";
		};
		716E78AF2C5FB4BE00FA9EEB /* Data source */ = {
			isa = PBXGroup;
			children = (
				716E78B02C5FB4BE00FA9EEB /* APICacheStoreMock.swift */,
				716E78B12C5FB4BE00FA9EEB /* NetworkStoreMock.swift */,
			);
			path = "Data source";
			sourceTree = "<group>";
		};
		716E78B22C5FB4BE00FA9EEB /* Json */ = {
			isa = PBXGroup;
			children = (
				716E78B32C5FB4BE00FA9EEB /* MovieDetailsResponse.json */,
				716E78B42C5FB4BE00FA9EEB /* MoviesListResponse.json */,
			);
			path = Json;
			sourceTree = "<group>";
		};
		716E78B52C5FB4BE00FA9EEB /* Repo */ = {
			isa = PBXGroup;
			children = (
				716E78B62C5FB4BE00FA9EEB /* MovieRepoMock.swift */,
				716E78B72C5FB4BE00FA9EEB /* MoviesListRepoMock.swift */,
			);
			path = Repo;
			sourceTree = "<group>";
		};
		716E78B82C5FB4BE00FA9EEB /* Domain */ = {
			isa = PBXGroup;
			children = (
				716E78B92C5FB4BE00FA9EEB /* UseCase */,
				716E78BC2C5FB4BE00FA9EEB /* Entities */,
			);
			path = Domain;
			sourceTree = "<group>";
		};
		716E78B92C5FB4BE00FA9EEB /* UseCase */ = {
			isa = PBXGroup;
			children = (
				716E78BA2C5FB4BE00FA9EEB /* MovieUseCaseMock.swift */,
				716E78BB2C5FB4BE00FA9EEB /* MoviesListUseCaseMock.swift */,
				716E78EC2C5FB74000FA9EEB /* GenresUseCaseMock.swift */,
			);
			path = UseCase;
			sourceTree = "<group>";
		};
		716E78BC2C5FB4BE00FA9EEB /* Entities */ = {
			isa = PBXGroup;
			children = (
				716E78BD2C5FB4BE00FA9EEB /* MovieStub.swift */,
				716E78BE2C5FB4BE00FA9EEB /* MovieDetailsStub.swift */,
				716E78BF2C5FB4BE00FA9EEB /* MoviesListStub.swift */,
			);
			path = Entities;
			sourceTree = "<group>";
		};
		716E78C02C5FB4BE00FA9EEB /* Presentation */ = {
			isa = PBXGroup;
			children = (
				716E78C12C5FB4BE00FA9EEB /* Coordinator */,
			);
			path = Presentation;
			sourceTree = "<group>";
		};
		716E78C12C5FB4BE00FA9EEB /* Coordinator */ = {
			isa = PBXGroup;
			children = (
				716E78C22C5FB4BE00FA9EEB /* CoordinatorMock.swift */,
			);
			path = Coordinator;
			sourceTree = "<group>";
		};
		716E78C32C5FB4BE00FA9EEB /* Data */ = {
			isa = PBXGroup;
			children = (
				716E78C42C5FB4BE00FA9EEB /* Repositories */,
			);
			path = Data;
			sourceTree = "<group>";
		};
		716E78C42C5FB4BE00FA9EEB /* Repositories */ = {
			isa = PBXGroup;
			children = (
				716E78C52C5FB4BE00FA9EEB /* MoviesListRepoTests.swift */,
				716E78C62C5FB4BE00FA9EEB /* MovieRepoTests.swift */,
			);
			path = Repositories;
			sourceTree = "<group>";
		};
		716E78C72C5FB4BF00FA9EEB /* Helpers */ = {
			isa = PBXGroup;
			children = (
				716E78C82C5FB4BF00FA9EEB /* Extentions.swift */,
				716E78C92C5FB4BF00FA9EEB /* ApiStatus.swift */,
				716E78CA2C5FB4BF00FA9EEB /* StubsHandler.swift */,
			);
			path = Helpers;
			sourceTree = "<group>";
		};
		716E78CB2C5FB4BF00FA9EEB /* Domain */ = {
			isa = PBXGroup;
			children = (
				71DD7EBF2C6050560067445B /* UseCases */,
			);
			path = Domain;
			sourceTree = "<group>";
		};
		716E78D02C5FB4BF00FA9EEB /* Presentation */ = {
			isa = PBXGroup;
			children = (
				716E78D12C5FB4BF00FA9EEB /* ViewModels */,
			);
			path = Presentation;
			sourceTree = "<group>";
		};
		716E78D12C5FB4BF00FA9EEB /* ViewModels */ = {
			isa = PBXGroup;
			children = (
				716E78D22C5FB4BF00FA9EEB /* MoviesListViewModelTests.swift */,
				716E78D32C5FB4BF00FA9EEB /* MovieDetailstViewModelTests.swift */,
			);
			path = ViewModels;
			sourceTree = "<group>";
		};
		71BADFF42C5C154500917346 = {
			isa = PBXGroup;
			children = (
				71DD7EB82C6030270067445B /* PresentationLayer */,
				71F1FD512C60016800A9D087 /* Common */,
				71A472C62C60093A00067A8E /* DataLayer */,
				71F1FD4D2C60002B00A9D087 /* DomainLayer */,
				71BADFFF2C5C154500917346 /* Movies */,
				71BAE0162C5C154700917346 /* MoviesTests */,
				71BAE0202C5C154700917346 /* MoviesUITests */,
				71BADFFE2C5C154500917346 /* Products */,
				71F1FD4E2C60008100A9D087 /* Frameworks */,
			);
			sourceTree = "<group>";
		};
		71BADFFE2C5C154500917346 /* Products */ = {
			isa = PBXGroup;
			children = (
				71BADFFD2C5C154500917346 /* Movies.app */,
				71BAE0132C5C154700917346 /* MoviesTests.xctest */,
				71BAE01D2C5C154700917346 /* MoviesUITests.xctest */,
			);
			name = Products;
			sourceTree = "<group>";
		};
		71BADFFF2C5C154500917346 /* Movies */ = {
			isa = PBXGroup;
			children = (
				716E77A92C5C184100FA9EEB /* Resources */,
				71BAE0002C5C154500917346 /* AppDelegate.swift */,
				71BAE0022C5C154500917346 /* SceneDelegate.swift */,
				71BAE00E2C5C154700917346 /* Info.plist */,
			);
			path = Movies;
			sourceTree = "<group>";
		};
		71BAE0162C5C154700917346 /* MoviesTests */ = {
			isa = PBXGroup;
			children = (
				716E78C32C5FB4BE00FA9EEB /* Data */,
				716E78CB2C5FB4BF00FA9EEB /* Domain */,
				716E78C72C5FB4BF00FA9EEB /* Helpers */,
				716E78D02C5FB4BF00FA9EEB /* Presentation */,
				716E78AA2C5FB4BE00FA9EEB /* TestDoubles */,
			);
			path = MoviesTests;
			sourceTree = "<group>";
		};
		71BAE0202C5C154700917346 /* MoviesUITests */ = {
			isa = PBXGroup;
			children = (
				71BAE0212C5C154700917346 /* MoviesUITests.swift */,
				71BAE0232C5C154700917346 /* MoviesUITestsLaunchTests.swift */,
			);
			path = MoviesUITests;
			sourceTree = "<group>";
		};
		71DD7EBF2C6050560067445B /* UseCases */ = {
			isa = PBXGroup;
			children = (
				71DD7EC02C6050560067445B /* MoviesListUseCaseTests.swift */,
				71DD7EC12C6050560067445B /* MovieUseCaseTests.swift */,
			);
			path = UseCases;
			sourceTree = "<group>";
		};
		71F1FD4E2C60008100A9D087 /* Frameworks */ = {
			isa = PBXGroup;
			children = (
			);
			name = Frameworks;
			sourceTree = "<group>";
		};
/* End PBXGroup section */

/* Begin PBXNativeTarget section */
		71BADFFC2C5C154500917346 /* Movies */ = {
			isa = PBXNativeTarget;
			buildConfigurationList = 71BAE0272C5C154700917346 /* Build configuration list for PBXNativeTarget "Movies" */;
			buildPhases = (
				71BADFF92C5C154500917346 /* Sources */,
				71BADFFA2C5C154500917346 /* Frameworks */,
				71BADFFB2C5C154500917346 /* Resources */,
			);
			buildRules = (
			);
			dependencies = (
			);
			name = Movies;
			packageProductDependencies = (
				71DD7EB22C6028160067445B /* Common */,
				71DD7EB42C6028160067445B /* DataLayer */,
				71DD7EB62C6028160067445B /* DomainLayer */,
				71DD7EBB2C6039E70067445B /* PresentationLayer */,
			);
			productName = Movies;
			productReference = 71BADFFD2C5C154500917346 /* Movies.app */;
			productType = "com.apple.product-type.application";
		};
		71BAE0122C5C154700917346 /* MoviesTests */ = {
			isa = PBXNativeTarget;
			buildConfigurationList = 71BAE02A2C5C154700917346 /* Build configuration list for PBXNativeTarget "MoviesTests" */;
			buildPhases = (
				71BAE00F2C5C154700917346 /* Sources */,
				71BAE0102C5C154700917346 /* Frameworks */,
				71BAE0112C5C154700917346 /* Resources */,
			);
			buildRules = (
			);
			dependencies = (
				71BAE0152C5C154700917346 /* PBXTargetDependency */,
			);
			name = MoviesTests;
			productName = MoviesTests;
			productReference = 71BAE0132C5C154700917346 /* MoviesTests.xctest */;
			productType = "com.apple.product-type.bundle.unit-test";
		};
		71BAE01C2C5C154700917346 /* MoviesUITests */ = {
			isa = PBXNativeTarget;
			buildConfigurationList = 71BAE02D2C5C154700917346 /* Build configuration list for PBXNativeTarget "MoviesUITests" */;
			buildPhases = (
				71BAE0192C5C154700917346 /* Sources */,
				71BAE01A2C5C154700917346 /* Frameworks */,
				71BAE01B2C5C154700917346 /* Resources */,
			);
			buildRules = (
			);
			dependencies = (
				71BAE01F2C5C154700917346 /* PBXTargetDependency */,
			);
			name = MoviesUITests;
			productName = MoviesUITests;
			productReference = 71BAE01D2C5C154700917346 /* MoviesUITests.xctest */;
			productType = "com.apple.product-type.bundle.ui-testing";
		};
/* End PBXNativeTarget section */

/* Begin PBXProject section */
		71BADFF52C5C154500917346 /* Project object */ = {
			isa = PBXProject;
			attributes = {
				BuildIndependentTargetsInParallel = 1;
				LastSwiftUpdateCheck = 1520;
				LastUpgradeCheck = 1520;
				TargetAttributes = {
					71BADFFC2C5C154500917346 = {
						CreatedOnToolsVersion = 15.2;
					};
					71BAE0122C5C154700917346 = {
						CreatedOnToolsVersion = 15.2;
						TestTargetID = 71BADFFC2C5C154500917346;
					};
					71BAE01C2C5C154700917346 = {
						CreatedOnToolsVersion = 15.2;
						TestTargetID = 71BADFFC2C5C154500917346;
					};
				};
			};
			buildConfigurationList = 71BADFF82C5C154500917346 /* Build configuration list for PBXProject "Movies" */;
			compatibilityVersion = "Xcode 14.0";
			developmentRegion = en;
			hasScannedForEncodings = 0;
			knownRegions = (
				en,
				Base,
			);
			mainGroup = 71BADFF42C5C154500917346;
			productRefGroup = 71BADFFE2C5C154500917346 /* Products */;
			projectDirPath = "";
			projectRoot = "";
			targets = (
				71BADFFC2C5C154500917346 /* Movies */,
				71BAE0122C5C154700917346 /* MoviesTests */,
				71BAE01C2C5C154700917346 /* MoviesUITests */,
			);
		};
/* End PBXProject section */

/* Begin PBXResourcesBuildPhase section */
		71BADFFB2C5C154500917346 /* Resources */ = {
			isa = PBXResourcesBuildPhase;
			buildActionMask = 2147483647;
			files = (
				71BAE00D2C5C154700917346 /* LaunchScreen.storyboard in Resources */,
				716E78EE2C5FC59400FA9EEB /* MoviesListResponse.json in Resources */,
				71DD7EBE2C604B2C0067445B /* Assets.xcassets in Resources */,
				716E78EF2C5FC59700FA9EEB /* MovieDetailsResponse.json in Resources */,
			);
			runOnlyForDeploymentPostprocessing = 0;
		};
		71BAE0112C5C154700917346 /* Resources */ = {
			isa = PBXResourcesBuildPhase;
			buildActionMask = 2147483647;
			files = (
				716E78D82C5FB4BF00FA9EEB /* MovieDetailsResponse.json in Resources */,
				716E78D92C5FB4BF00FA9EEB /* MoviesListResponse.json in Resources */,
			);
			runOnlyForDeploymentPostprocessing = 0;
		};
		71BAE01B2C5C154700917346 /* Resources */ = {
			isa = PBXResourcesBuildPhase;
			buildActionMask = 2147483647;
			files = (
			);
			runOnlyForDeploymentPostprocessing = 0;
		};
/* End PBXResourcesBuildPhase section */

/* Begin PBXSourcesBuildPhase section */
		71BADFF92C5C154500917346 /* Sources */ = {
			isa = PBXSourcesBuildPhase;
			buildActionMask = 2147483647;
			files = (
				71BAE0012C5C154500917346 /* AppDelegate.swift in Sources */,
				71BAE0032C5C154500917346 /* SceneDelegate.swift in Sources */,
			);
			runOnlyForDeploymentPostprocessing = 0;
		};
		71BAE00F2C5C154700917346 /* Sources */ = {
			isa = PBXSourcesBuildPhase;
			buildActionMask = 2147483647;
			files = (
				716E78DD2C5FB4BF00FA9EEB /* MoviesListUseCaseMock.swift in Sources */,
				716E78DB2C5FB4BF00FA9EEB /* MoviesListRepoMock.swift in Sources */,
				716E78E42C5FB4BF00FA9EEB /* Extentions.swift in Sources */,
				716E78E12C5FB4BF00FA9EEB /* CoordinatorMock.swift in Sources */,
				716E78D42C5FB4BF00FA9EEB /* MoviesListDTOStub.swift in Sources */,
				716E78EA2C5FB4BF00FA9EEB /* MovieDetailstViewModelTests.swift in Sources */,
				716E78E22C5FB4BF00FA9EEB /* MoviesListRepoTests.swift in Sources */,
				716E78D52C5FB4BF00FA9EEB /* MovieDetailsDTOStub.swift in Sources */,
				716E78DE2C5FB4BF00FA9EEB /* MovieStub.swift in Sources */,
				716E78E52C5FB4BF00FA9EEB /* ApiStatus.swift in Sources */,
				716E78E02C5FB4BF00FA9EEB /* MoviesListStub.swift in Sources */,
				71DD7EC22C6050560067445B /* MoviesListUseCaseTests.swift in Sources */,
				716E78DF2C5FB4BF00FA9EEB /* MovieDetailsStub.swift in Sources */,
				716E78D72C5FB4BF00FA9EEB /* NetworkStoreMock.swift in Sources */,
				716E78E32C5FB4BF00FA9EEB /* MovieRepoTests.swift in Sources */,
				716E78E62C5FB4BF00FA9EEB /* StubsHandler.swift in Sources */,
				71DD7EC32C6050560067445B /* MovieUseCaseTests.swift in Sources */,
				716E78E92C5FB4BF00FA9EEB /* MoviesListViewModelTests.swift in Sources */,
				716E78DC2C5FB4BF00FA9EEB /* MovieUseCaseMock.swift in Sources */,
				716E78ED2C5FB74000FA9EEB /* GenresUseCaseMock.swift in Sources */,
				716E78D62C5FB4BF00FA9EEB /* APICacheStoreMock.swift in Sources */,
				716E78DA2C5FB4BF00FA9EEB /* MovieRepoMock.swift in Sources */,
			);
			runOnlyForDeploymentPostprocessing = 0;
		};
		71BAE0192C5C154700917346 /* Sources */ = {
			isa = PBXSourcesBuildPhase;
			buildActionMask = 2147483647;
			files = (
				71BAE0222C5C154700917346 /* MoviesUITests.swift in Sources */,
				71BAE0242C5C154700917346 /* MoviesUITestsLaunchTests.swift in Sources */,
			);
			runOnlyForDeploymentPostprocessing = 0;
		};
/* End PBXSourcesBuildPhase section */

/* Begin PBXTargetDependency section */
		71BAE0152C5C154700917346 /* PBXTargetDependency */ = {
			isa = PBXTargetDependency;
			target = 71BADFFC2C5C154500917346 /* Movies */;
			targetProxy = 71BAE0142C5C154700917346 /* PBXContainerItemProxy */;
		};
		71BAE01F2C5C154700917346 /* PBXTargetDependency */ = {
			isa = PBXTargetDependency;
			target = 71BADFFC2C5C154500917346 /* Movies */;
			targetProxy = 71BAE01E2C5C154700917346 /* PBXContainerItemProxy */;
		};
/* End PBXTargetDependency section */

/* Begin PBXVariantGroup section */
		71BAE00B2C5C154700917346 /* LaunchScreen.storyboard */ = {
			isa = PBXVariantGroup;
			children = (
				71BAE00C2C5C154700917346 /* Base */,
			);
			name = LaunchScreen.storyboard;
			sourceTree = "<group>";
		};
/* End PBXVariantGroup section */

/* Begin XCBuildConfiguration section */
		71BAE0252C5C154700917346 /* Debug */ = {
			isa = XCBuildConfiguration;
			buildSettings = {
				ALWAYS_SEARCH_USER_PATHS = NO;
				ASSETCATALOG_COMPILER_GENERATE_SWIFT_ASSET_SYMBOL_EXTENSIONS = YES;
				CLANG_ANALYZER_NONNULL = YES;
				CLANG_ANALYZER_NUMBER_OBJECT_CONVERSION = YES_AGGRESSIVE;
				CLANG_CXX_LANGUAGE_STANDARD = "gnu++20";
				CLANG_ENABLE_MODULES = YES;
				CLANG_ENABLE_OBJC_ARC = YES;
				CLANG_ENABLE_OBJC_WEAK = YES;
				CLANG_WARN_BLOCK_CAPTURE_AUTORELEASING = YES;
				CLANG_WARN_BOOL_CONVERSION = YES;
				CLANG_WARN_COMMA = YES;
				CLANG_WARN_CONSTANT_CONVERSION = YES;
				CLANG_WARN_DEPRECATED_OBJC_IMPLEMENTATIONS = YES;
				CLANG_WARN_DIRECT_OBJC_ISA_USAGE = YES_ERROR;
				CLANG_WARN_DOCUMENTATION_COMMENTS = YES;
				CLANG_WARN_EMPTY_BODY = YES;
				CLANG_WARN_ENUM_CONVERSION = YES;
				CLANG_WARN_INFINITE_RECURSION = YES;
				CLANG_WARN_INT_CONVERSION = YES;
				CLANG_WARN_NON_LITERAL_NULL_CONVERSION = YES;
				CLANG_WARN_OBJC_IMPLICIT_RETAIN_SELF = YES;
				CLANG_WARN_OBJC_LITERAL_CONVERSION = YES;
				CLANG_WARN_OBJC_ROOT_CLASS = YES_ERROR;
				CLANG_WARN_QUOTED_INCLUDE_IN_FRAMEWORK_HEADER = YES;
				CLANG_WARN_RANGE_LOOP_ANALYSIS = YES;
				CLANG_WARN_STRICT_PROTOTYPES = YES;
				CLANG_WARN_SUSPICIOUS_MOVE = YES;
				CLANG_WARN_UNGUARDED_AVAILABILITY = YES_AGGRESSIVE;
				CLANG_WARN_UNREACHABLE_CODE = YES;
				CLANG_WARN__DUPLICATE_METHOD_MATCH = YES;
				COPY_PHASE_STRIP = NO;
				DEBUG_INFORMATION_FORMAT = dwarf;
				ENABLE_STRICT_OBJC_MSGSEND = YES;
				ENABLE_TESTABILITY = YES;
				ENABLE_USER_SCRIPT_SANDBOXING = YES;
				GCC_C_LANGUAGE_STANDARD = gnu17;
				GCC_DYNAMIC_NO_PIC = NO;
				GCC_NO_COMMON_BLOCKS = YES;
				GCC_OPTIMIZATION_LEVEL = 0;
				GCC_PREPROCESSOR_DEFINITIONS = (
					"DEBUG=1",
					"$(inherited)",
				);
				GCC_WARN_64_TO_32_BIT_CONVERSION = YES;
				GCC_WARN_ABOUT_RETURN_TYPE = YES_ERROR;
				GCC_WARN_UNDECLARED_SELECTOR = YES;
				GCC_WARN_UNINITIALIZED_AUTOS = YES_AGGRESSIVE;
				GCC_WARN_UNUSED_FUNCTION = YES;
				GCC_WARN_UNUSED_VARIABLE = YES;
				IPHONEOS_DEPLOYMENT_TARGET = 17.2;
				LOCALIZATION_PREFERS_STRING_CATALOGS = YES;
				MTL_ENABLE_DEBUG_INFO = INCLUDE_SOURCE;
				MTL_FAST_MATH = YES;
				ONLY_ACTIVE_ARCH = YES;
				SDKROOT = iphoneos;
				SWIFT_ACTIVE_COMPILATION_CONDITIONS = "DEBUG $(inherited)";
				SWIFT_OPTIMIZATION_LEVEL = "-Onone";
			};
			name = Debug;
		};
		71BAE0262C5C154700917346 /* Release */ = {
			isa = XCBuildConfiguration;
			buildSettings = {
				ALWAYS_SEARCH_USER_PATHS = NO;
				ASSETCATALOG_COMPILER_GENERATE_SWIFT_ASSET_SYMBOL_EXTENSIONS = YES;
				CLANG_ANALYZER_NONNULL = YES;
				CLANG_ANALYZER_NUMBER_OBJECT_CONVERSION = YES_AGGRESSIVE;
				CLANG_CXX_LANGUAGE_STANDARD = "gnu++20";
				CLANG_ENABLE_MODULES = YES;
				CLANG_ENABLE_OBJC_ARC = YES;
				CLANG_ENABLE_OBJC_WEAK = YES;
				CLANG_WARN_BLOCK_CAPTURE_AUTORELEASING = YES;
				CLANG_WARN_BOOL_CONVERSION = YES;
				CLANG_WARN_COMMA = YES;
				CLANG_WARN_CONSTANT_CONVERSION = YES;
				CLANG_WARN_DEPRECATED_OBJC_IMPLEMENTATIONS = YES;
				CLANG_WARN_DIRECT_OBJC_ISA_USAGE = YES_ERROR;
				CLANG_WARN_DOCUMENTATION_COMMENTS = YES;
				CLANG_WARN_EMPTY_BODY = YES;
				CLANG_WARN_ENUM_CONVERSION = YES;
				CLANG_WARN_INFINITE_RECURSION = YES;
				CLANG_WARN_INT_CONVERSION = YES;
				CLANG_WARN_NON_LITERAL_NULL_CONVERSION = YES;
				CLANG_WARN_OBJC_IMPLICIT_RETAIN_SELF = YES;
				CLANG_WARN_OBJC_LITERAL_CONVERSION = YES;
				CLANG_WARN_OBJC_ROOT_CLASS = YES_ERROR;
				CLANG_WARN_QUOTED_INCLUDE_IN_FRAMEWORK_HEADER = YES;
				CLANG_WARN_RANGE_LOOP_ANALYSIS = YES;
				CLANG_WARN_STRICT_PROTOTYPES = YES;
				CLANG_WARN_SUSPICIOUS_MOVE = YES;
				CLANG_WARN_UNGUARDED_AVAILABILITY = YES_AGGRESSIVE;
				CLANG_WARN_UNREACHABLE_CODE = YES;
				CLANG_WARN__DUPLICATE_METHOD_MATCH = YES;
				COPY_PHASE_STRIP = NO;
				DEBUG_INFORMATION_FORMAT = "dwarf-with-dsym";
				ENABLE_NS_ASSERTIONS = NO;
				ENABLE_STRICT_OBJC_MSGSEND = YES;
				ENABLE_USER_SCRIPT_SANDBOXING = YES;
				GCC_C_LANGUAGE_STANDARD = gnu17;
				GCC_NO_COMMON_BLOCKS = YES;
				GCC_WARN_64_TO_32_BIT_CONVERSION = YES;
				GCC_WARN_ABOUT_RETURN_TYPE = YES_ERROR;
				GCC_WARN_UNDECLARED_SELECTOR = YES;
				GCC_WARN_UNINITIALIZED_AUTOS = YES_AGGRESSIVE;
				GCC_WARN_UNUSED_FUNCTION = YES;
				GCC_WARN_UNUSED_VARIABLE = YES;
				IPHONEOS_DEPLOYMENT_TARGET = 17.2;
				LOCALIZATION_PREFERS_STRING_CATALOGS = YES;
				MTL_ENABLE_DEBUG_INFO = NO;
				MTL_FAST_MATH = YES;
				SDKROOT = iphoneos;
				SWIFT_COMPILATION_MODE = wholemodule;
				VALIDATE_PRODUCT = YES;
			};
			name = Release;
		};
		71BAE0282C5C154700917346 /* Debug */ = {
			isa = XCBuildConfiguration;
			buildSettings = {
				ASSETCATALOG_COMPILER_APPICON_NAME = AppIcon;
				ASSETCATALOG_COMPILER_GLOBAL_ACCENT_COLOR_NAME = AccentColor;
				CODE_SIGN_STYLE = Automatic;
				CURRENT_PROJECT_VERSION = 1;
				DEVELOPMENT_TEAM = T4639L6GCP;
				GENERATE_INFOPLIST_FILE = YES;
				INFOPLIST_FILE = Movies/Info.plist;
				INFOPLIST_KEY_UIApplicationSupportsIndirectInputEvents = YES;
				INFOPLIST_KEY_UILaunchStoryboardName = LaunchScreen.storyboard;
				INFOPLIST_KEY_UISupportedInterfaceOrientations = UIInterfaceOrientationPortrait;
				INFOPLIST_KEY_UISupportedInterfaceOrientations_iPad = "UIInterfaceOrientationLandscapeLeft UIInterfaceOrientationLandscapeRight UIInterfaceOrientationPortrait UIInterfaceOrientationPortraitUpsideDown";
				LD_RUNPATH_SEARCH_PATHS = (
					"$(inherited)",
					"@executable_path/Frameworks",
				);
				MARKETING_VERSION = 1.0;
				PRODUCT_BUNDLE_IDENTIFIER = com.fawzy.Movies;
				PRODUCT_NAME = "$(TARGET_NAME)";
				SWIFT_EMIT_LOC_STRINGS = YES;
				SWIFT_VERSION = 5.0;
				TARGETED_DEVICE_FAMILY = "1,2";
			};
			name = Debug;
		};
		71BAE0292C5C154700917346 /* Release */ = {
			isa = XCBuildConfiguration;
			buildSettings = {
				ASSETCATALOG_COMPILER_APPICON_NAME = AppIcon;
				ASSETCATALOG_COMPILER_GLOBAL_ACCENT_COLOR_NAME = AccentColor;
				CODE_SIGN_STYLE = Automatic;
				CURRENT_PROJECT_VERSION = 1;
				DEVELOPMENT_TEAM = T4639L6GCP;
				GENERATE_INFOPLIST_FILE = YES;
				INFOPLIST_FILE = Movies/Info.plist;
				INFOPLIST_KEY_UIApplicationSupportsIndirectInputEvents = YES;
				INFOPLIST_KEY_UILaunchStoryboardName = LaunchScreen.storyboard;
				INFOPLIST_KEY_UISupportedInterfaceOrientations = UIInterfaceOrientationPortrait;
				INFOPLIST_KEY_UISupportedInterfaceOrientations_iPad = "UIInterfaceOrientationLandscapeLeft UIInterfaceOrientationLandscapeRight UIInterfaceOrientationPortrait UIInterfaceOrientationPortraitUpsideDown";
				LD_RUNPATH_SEARCH_PATHS = (
					"$(inherited)",
					"@executable_path/Frameworks",
				);
				MARKETING_VERSION = 1.0;
				PRODUCT_BUNDLE_IDENTIFIER = com.fawzy.Movies;
				PRODUCT_NAME = "$(TARGET_NAME)";
				SWIFT_EMIT_LOC_STRINGS = YES;
				SWIFT_VERSION = 5.0;
				TARGETED_DEVICE_FAMILY = "1,2";
			};
			name = Release;
		};
		71BAE02B2C5C154700917346 /* Debug */ = {
			isa = XCBuildConfiguration;
			buildSettings = {
				ALWAYS_EMBED_SWIFT_STANDARD_LIBRARIES = YES;
				BUNDLE_LOADER = "$(TEST_HOST)";
				CODE_SIGN_STYLE = Automatic;
				CURRENT_PROJECT_VERSION = 1;
				DEVELOPMENT_TEAM = T4639L6GCP;
				GENERATE_INFOPLIST_FILE = YES;
				IPHONEOS_DEPLOYMENT_TARGET = 17.2;
				MARKETING_VERSION = 1.0;
				PRODUCT_BUNDLE_IDENTIFIER = com.fawzy.MoviesTests;
				PRODUCT_NAME = "$(TARGET_NAME)";
				SWIFT_EMIT_LOC_STRINGS = NO;
				SWIFT_VERSION = 5.0;
				TARGETED_DEVICE_FAMILY = "1,2";
				TEST_HOST = "$(BUILT_PRODUCTS_DIR)/Movies.app/$(BUNDLE_EXECUTABLE_FOLDER_PATH)/Movies";
			};
			name = Debug;
		};
		71BAE02C2C5C154700917346 /* Release */ = {
			isa = XCBuildConfiguration;
			buildSettings = {
				ALWAYS_EMBED_SWIFT_STANDARD_LIBRARIES = YES;
				BUNDLE_LOADER = "$(TEST_HOST)";
				CODE_SIGN_STYLE = Automatic;
				CURRENT_PROJECT_VERSION = 1;
				DEVELOPMENT_TEAM = T4639L6GCP;
				GENERATE_INFOPLIST_FILE = YES;
				IPHONEOS_DEPLOYMENT_TARGET = 17.2;
				MARKETING_VERSION = 1.0;
				PRODUCT_BUNDLE_IDENTIFIER = com.fawzy.MoviesTests;
				PRODUCT_NAME = "$(TARGET_NAME)";
				SWIFT_EMIT_LOC_STRINGS = NO;
				SWIFT_VERSION = 5.0;
				TARGETED_DEVICE_FAMILY = "1,2";
				TEST_HOST = "$(BUILT_PRODUCTS_DIR)/Movies.app/$(BUNDLE_EXECUTABLE_FOLDER_PATH)/Movies";
			};
			name = Release;
		};
		71BAE02E2C5C154700917346 /* Debug */ = {
			isa = XCBuildConfiguration;
			buildSettings = {
				ALWAYS_EMBED_SWIFT_STANDARD_LIBRARIES = YES;
				CODE_SIGN_STYLE = Automatic;
				CURRENT_PROJECT_VERSION = 1;
				DEVELOPMENT_TEAM = T4639L6GCP;
				GENERATE_INFOPLIST_FILE = YES;
				MARKETING_VERSION = 1.0;
				PRODUCT_BUNDLE_IDENTIFIER = com.fawzy.MoviesUITests;
				PRODUCT_NAME = "$(TARGET_NAME)";
				SWIFT_EMIT_LOC_STRINGS = NO;
				SWIFT_VERSION = 5.0;
				TARGETED_DEVICE_FAMILY = "1,2";
				TEST_TARGET_NAME = Movies;
			};
			name = Debug;
		};
		71BAE02F2C5C154700917346 /* Release */ = {
			isa = XCBuildConfiguration;
			buildSettings = {
				ALWAYS_EMBED_SWIFT_STANDARD_LIBRARIES = YES;
				CODE_SIGN_STYLE = Automatic;
				CURRENT_PROJECT_VERSION = 1;
				DEVELOPMENT_TEAM = T4639L6GCP;
				GENERATE_INFOPLIST_FILE = YES;
				MARKETING_VERSION = 1.0;
				PRODUCT_BUNDLE_IDENTIFIER = com.fawzy.MoviesUITests;
				PRODUCT_NAME = "$(TARGET_NAME)";
				SWIFT_EMIT_LOC_STRINGS = NO;
				SWIFT_VERSION = 5.0;
				TARGETED_DEVICE_FAMILY = "1,2";
				TEST_TARGET_NAME = Movies;
			};
			name = Release;
		};
/* End XCBuildConfiguration section */

/* Begin XCConfigurationList section */
		71BADFF82C5C154500917346 /* Build configuration list for PBXProject "Movies" */ = {
			isa = XCConfigurationList;
			buildConfigurations = (
				71BAE0252C5C154700917346 /* Debug */,
				71BAE0262C5C154700917346 /* Release */,
			);
			defaultConfigurationIsVisible = 0;
			defaultConfigurationName = Release;
		};
		71BAE0272C5C154700917346 /* Build configuration list for PBXNativeTarget "Movies" */ = {
			isa = XCConfigurationList;
			buildConfigurations = (
				71BAE0282C5C154700917346 /* Debug */,
				71BAE0292C5C154700917346 /* Release */,
			);
			defaultConfigurationIsVisible = 0;
			defaultConfigurationName = Release;
		};
		71BAE02A2C5C154700917346 /* Build configuration list for PBXNativeTarget "MoviesTests" */ = {
			isa = XCConfigurationList;
			buildConfigurations = (
				71BAE02B2C5C154700917346 /* Debug */,
				71BAE02C2C5C154700917346 /* Release */,
			);
			defaultConfigurationIsVisible = 0;
			defaultConfigurationName = Release;
		};
		71BAE02D2C5C154700917346 /* Build configuration list for PBXNativeTarget "MoviesUITests" */ = {
			isa = XCConfigurationList;
			buildConfigurations = (
				71BAE02E2C5C154700917346 /* Debug */,
				71BAE02F2C5C154700917346 /* Release */,
			);
			defaultConfigurationIsVisible = 0;
			defaultConfigurationName = Release;
		};
/* End XCConfigurationList section */

/* Begin XCSwiftPackageProductDependency section */
		71DD7EB22C6028160067445B /* Common */ = {
			isa = XCSwiftPackageProductDependency;
			productName = Common;
		};
		71DD7EB42C6028160067445B /* DataLayer */ = {
			isa = XCSwiftPackageProductDependency;
			productName = DataLayer;
		};
		71DD7EB62C6028160067445B /* DomainLayer */ = {
			isa = XCSwiftPackageProductDependency;
			productName = DomainLayer;
		};
		71DD7EBB2C6039E70067445B /* PresentationLayer */ = {
			isa = XCSwiftPackageProductDependency;
			productName = PresentationLayer;
		};
/* End XCSwiftPackageProductDependency section */
	};
	rootObject = 71BADFF52C5C154500917346 /* Project object */;
}
