// !$*UTF8*$!
{
	archiveVersion = 1;
	classes = {
	};
	objectVersion = 56;
	objects = {

/* Begin PBXBuildFile section */
		716E78182C5CFD4800FA9EEB /* MovieDTO.swift in Sources */ = {isa = PBXBuildFile; fileRef = 716E78162C5CFD4800FA9EEB /* MovieDTO.swift */; };
		716E78192C5CFD4800FA9EEB /* MoviesListDTO.swift in Sources */ = {isa = PBXBuildFile; fileRef = 716E78172C5CFD4800FA9EEB /* MoviesListDTO.swift */; };
		716E78202C5CFDD800FA9EEB /* RequestMethod.swift in Sources */ = {isa = PBXBuildFile; fileRef = 716E781A2C5CFDD800FA9EEB /* RequestMethod.swift */; };
		716E78212C5CFDD800FA9EEB /* MoviesError.swift in Sources */ = {isa = PBXBuildFile; fileRef = 716E781B2C5CFDD800FA9EEB /* MoviesError.swift */; };
		716E78222C5CFDD800FA9EEB /* NetworkErrorChecker.swift in Sources */ = {isa = PBXBuildFile; fileRef = 716E781C2C5CFDD800FA9EEB /* NetworkErrorChecker.swift */; };
		716E78232C5CFDD800FA9EEB /* RequestBuilder.swift in Sources */ = {isa = PBXBuildFile; fileRef = 716E781D2C5CFDD800FA9EEB /* RequestBuilder.swift */; };
		716E78242C5CFDD800FA9EEB /* NetworkStore.swift in Sources */ = {isa = PBXBuildFile; fileRef = 716E781E2C5CFDD800FA9EEB /* NetworkStore.swift */; };
		716E78252C5CFDD800FA9EEB /* EndPointProtocol.swift in Sources */ = {isa = PBXBuildFile; fileRef = 716E781F2C5CFDD800FA9EEB /* EndPointProtocol.swift */; };
		716E78292C5D01BF00FA9EEB /* Constants.swift in Sources */ = {isa = PBXBuildFile; fileRef = 716E78272C5D01BF00FA9EEB /* Constants.swift */; };
		716E782A2C5D01BF00FA9EEB /* MoviesListEndPoint.swift in Sources */ = {isa = PBXBuildFile; fileRef = 716E78282C5D01BF00FA9EEB /* MoviesListEndPoint.swift */; };
		716E782F2C5D032C00FA9EEB /* UIImage+Extention.swift in Sources */ = {isa = PBXBuildFile; fileRef = 716E782E2C5D032C00FA9EEB /* UIImage+Extention.swift */; };
		716E78322C5D033C00FA9EEB /* ImageCache.swift in Sources */ = {isa = PBXBuildFile; fileRef = 716E78302C5D033C00FA9EEB /* ImageCache.swift */; };
		716E78332C5D033C00FA9EEB /* ImageCacheProtocol.swift in Sources */ = {isa = PBXBuildFile; fileRef = 716E78312C5D033C00FA9EEB /* ImageCacheProtocol.swift */; };
		716E78362C5D034400FA9EEB /* ImageLoader.swift in Sources */ = {isa = PBXBuildFile; fileRef = 716E78342C5D034400FA9EEB /* ImageLoader.swift */; };
		716E78372C5D034400FA9EEB /* ImageLoaderProtocol.swift in Sources */ = {isa = PBXBuildFile; fileRef = 716E78352C5D034400FA9EEB /* ImageLoaderProtocol.swift */; };
		716E783A2C5D089E00FA9EEB /* Movie.swift in Sources */ = {isa = PBXBuildFile; fileRef = 716E78382C5D089E00FA9EEB /* Movie.swift */; };
		716E783B2C5D089E00FA9EEB /* MoviesList.swift in Sources */ = {isa = PBXBuildFile; fileRef = 716E78392C5D089E00FA9EEB /* MoviesList.swift */; };
		716E783D2C5D08D400FA9EEB /* MoviesListRepoProtocol.swift in Sources */ = {isa = PBXBuildFile; fileRef = 716E783C2C5D08D400FA9EEB /* MoviesListRepoProtocol.swift */; };
		716E783F2C5D08F000FA9EEB /* MoviesListUseCase.swift in Sources */ = {isa = PBXBuildFile; fileRef = 716E783E2C5D08F000FA9EEB /* MoviesListUseCase.swift */; };
		716E78412C5D092C00FA9EEB /* MoviesListRepo.swift in Sources */ = {isa = PBXBuildFile; fileRef = 716E78402C5D092C00FA9EEB /* MoviesListRepo.swift */; };
		716E78442C5D09DA00FA9EEB /* MovieMapper.swift in Sources */ = {isa = PBXBuildFile; fileRef = 716E78422C5D09DA00FA9EEB /* MovieMapper.swift */; };
		716E78452C5D09DA00FA9EEB /* MoviesListMapper.swift in Sources */ = {isa = PBXBuildFile; fileRef = 716E78432C5D09DA00FA9EEB /* MoviesListMapper.swift */; };
		716E78492C5D0A7100FA9EEB /* MoviesTabBarViewController.swift in Sources */ = {isa = PBXBuildFile; fileRef = 716E78482C5D0A7100FA9EEB /* MoviesTabBarViewController.swift */; };
		716E784F2C5D0A8A00FA9EEB /* MoviesListViewController.xib in Resources */ = {isa = PBXBuildFile; fileRef = 716E784A2C5D0A8A00FA9EEB /* MoviesListViewController.xib */; };
		716E78502C5D0A8A00FA9EEB /* MoviesListViewController.swift in Sources */ = {isa = PBXBuildFile; fileRef = 716E784B2C5D0A8A00FA9EEB /* MoviesListViewController.swift */; };
		716E78512C5D0A8A00FA9EEB /* MovieTableViewCell.xib in Resources */ = {isa = PBXBuildFile; fileRef = 716E784D2C5D0A8A00FA9EEB /* MovieTableViewCell.xib */; };
		716E78522C5D0A8A00FA9EEB /* MovieTableViewCell.swift in Sources */ = {isa = PBXBuildFile; fileRef = 716E784E2C5D0A8A00FA9EEB /* MovieTableViewCell.swift */; };
		716E78582C5D0B4C00FA9EEB /* MoviesListViewModelProtocol.swift in Sources */ = {isa = PBXBuildFile; fileRef = 716E78562C5D0B4C00FA9EEB /* MoviesListViewModelProtocol.swift */; };
		716E78592C5D0B4C00FA9EEB /* MoviesListViewModel.swift in Sources */ = {isa = PBXBuildFile; fileRef = 716E78572C5D0B4C00FA9EEB /* MoviesListViewModel.swift */; };
		716E785C2C5D0B8700FA9EEB /* AppDependencyContainer.swift in Sources */ = {isa = PBXBuildFile; fileRef = 716E785B2C5D0B8700FA9EEB /* AppDependencyContainer.swift */; };
		716E78602C5D0BD500FA9EEB /* AppCoordinator.swift in Sources */ = {isa = PBXBuildFile; fileRef = 716E785E2C5D0BD500FA9EEB /* AppCoordinator.swift */; };
		716E78612C5D0BD500FA9EEB /* Coordinator.swift in Sources */ = {isa = PBXBuildFile; fileRef = 716E785F2C5D0BD500FA9EEB /* Coordinator.swift */; };
		716E78662C5D0CFB00FA9EEB /* EmptyStateView.xib in Resources */ = {isa = PBXBuildFile; fileRef = 716E78642C5D0CFB00FA9EEB /* EmptyStateView.xib */; };
		716E78672C5D0CFB00FA9EEB /* EmptyStateView.swift in Sources */ = {isa = PBXBuildFile; fileRef = 716E78652C5D0CFB00FA9EEB /* EmptyStateView.swift */; };
		716E786A2C5D0D3100FA9EEB /* UIView+Extention.swift in Sources */ = {isa = PBXBuildFile; fileRef = 716E78682C5D0D3100FA9EEB /* UIView+Extention.swift */; };
		716E786B2C5D0D3100FA9EEB /* UIViewController+Extention.swift in Sources */ = {isa = PBXBuildFile; fileRef = 716E78692C5D0D3100FA9EEB /* UIViewController+Extention.swift */; };
		716E78702C5E29E200FA9EEB /* TagCollectionViewCell.swift in Sources */ = {isa = PBXBuildFile; fileRef = 716E786D2C5E29E200FA9EEB /* TagCollectionViewCell.swift */; };
		716E78712C5E29E200FA9EEB /* Tag.swift in Sources */ = {isa = PBXBuildFile; fileRef = 716E786E2C5E29E200FA9EEB /* Tag.swift */; };
		716E78722C5E29E200FA9EEB /* TagsCollectionView.swift in Sources */ = {isa = PBXBuildFile; fileRef = 716E786F2C5E29E200FA9EEB /* TagsCollectionView.swift */; };
		716E78742C5E4DFE00FA9EEB /* GenresDTO.swift in Sources */ = {isa = PBXBuildFile; fileRef = 716E78732C5E4DFE00FA9EEB /* GenresDTO.swift */; };
		716E78762C5E4E8F00FA9EEB /* GenresEndPoint.swift in Sources */ = {isa = PBXBuildFile; fileRef = 716E78752C5E4E8F00FA9EEB /* GenresEndPoint.swift */; };
		716E78782C5E534700FA9EEB /* Genre.swift in Sources */ = {isa = PBXBuildFile; fileRef = 716E78772C5E534700FA9EEB /* Genre.swift */; };
		716E787A2C5E53BE00FA9EEB /* GenresUseCase.swift in Sources */ = {isa = PBXBuildFile; fileRef = 716E78792C5E53BE00FA9EEB /* GenresUseCase.swift */; };
		716E787C2C5E544300FA9EEB /* GenresRepoProtocol.swift in Sources */ = {isa = PBXBuildFile; fileRef = 716E787B2C5E544300FA9EEB /* GenresRepoProtocol.swift */; };
		716E787F2C5E54CD00FA9EEB /* GenresRepo.swift in Sources */ = {isa = PBXBuildFile; fileRef = 716E787E2C5E54CD00FA9EEB /* GenresRepo.swift */; };
		716E78812C5E556100FA9EEB /* GenresMapper.swift in Sources */ = {isa = PBXBuildFile; fileRef = 716E78802C5E556100FA9EEB /* GenresMapper.swift */; };
		716E78892C5EB23500FA9EEB /* CoreDataStack.swift in Sources */ = {isa = PBXBuildFile; fileRef = 716E78832C5EB23500FA9EEB /* CoreDataStack.swift */; };
		716E788B2C5EB23500FA9EEB /* MovieApiResponseCacheStore.swift in Sources */ = {isa = PBXBuildFile; fileRef = 716E78862C5EB23500FA9EEB /* MovieApiResponseCacheStore.swift */; };
		716E788C2C5EB23500FA9EEB /* CoreDataStore.swift in Sources */ = {isa = PBXBuildFile; fileRef = 716E78872C5EB23500FA9EEB /* CoreDataStore.swift */; };
		716E788D2C5EB23500FA9EEB /* StorageStoreProtocol.swift in Sources */ = {isa = PBXBuildFile; fileRef = 716E78882C5EB23500FA9EEB /* StorageStoreProtocol.swift */; };
		716E78902C5EB2CA00FA9EEB /* Movies.xcdatamodeld in Sources */ = {isa = PBXBuildFile; fileRef = 716E788E2C5EB2CA00FA9EEB /* Movies.xcdatamodeld */; };
		71BAE0012C5C154500917346 /* AppDelegate.swift in Sources */ = {isa = PBXBuildFile; fileRef = 71BAE0002C5C154500917346 /* AppDelegate.swift */; };
		71BAE0032C5C154500917346 /* SceneDelegate.swift in Sources */ = {isa = PBXBuildFile; fileRef = 71BAE0022C5C154500917346 /* SceneDelegate.swift */; };
		71BAE00A2C5C154700917346 /* Assets.xcassets in Resources */ = {isa = PBXBuildFile; fileRef = 71BAE0092C5C154700917346 /* Assets.xcassets */; };
		71BAE00D2C5C154700917346 /* LaunchScreen.storyboard in Resources */ = {isa = PBXBuildFile; fileRef = 71BAE00B2C5C154700917346 /* LaunchScreen.storyboard */; };
		71BAE0182C5C154700917346 /* MoviesTests.swift in Sources */ = {isa = PBXBuildFile; fileRef = 71BAE0172C5C154700917346 /* MoviesTests.swift */; };
		71BAE0222C5C154700917346 /* MoviesUITests.swift in Sources */ = {isa = PBXBuildFile; fileRef = 71BAE0212C5C154700917346 /* MoviesUITests.swift */; };
		71BAE0242C5C154700917346 /* MoviesUITestsLaunchTests.swift in Sources */ = {isa = PBXBuildFile; fileRef = 71BAE0232C5C154700917346 /* MoviesUITestsLaunchTests.swift */; };
/* End PBXBuildFile section */

/* Begin PBXContainerItemProxy section */
		71BAE0142C5C154700917346 /* PBXContainerItemProxy */ = {
			isa = PBXContainerItemProxy;
			containerPortal = 71BADFF52C5C154500917346 /* Project object */;
			proxyType = 1;
			remoteGlobalIDString = 71BADFFC2C5C154500917346;
			remoteInfo = Movies;
		};
		71BAE01E2C5C154700917346 /* PBXContainerItemProxy */ = {
			isa = PBXContainerItemProxy;
			containerPortal = 71BADFF52C5C154500917346 /* Project object */;
			proxyType = 1;
			remoteGlobalIDString = 71BADFFC2C5C154500917346;
			remoteInfo = Movies;
		};
/* End PBXContainerItemProxy section */

/* Begin PBXFileReference section */
		716E78162C5CFD4800FA9EEB /* MovieDTO.swift */ = {isa = PBXFileReference; fileEncoding = 4; lastKnownFileType = sourcecode.swift; path = MovieDTO.swift; sourceTree = "<group>"; };
		716E78172C5CFD4800FA9EEB /* MoviesListDTO.swift */ = {isa = PBXFileReference; fileEncoding = 4; lastKnownFileType = sourcecode.swift; path = MoviesListDTO.swift; sourceTree = "<group>"; };
		716E781A2C5CFDD800FA9EEB /* RequestMethod.swift */ = {isa = PBXFileReference; fileEncoding = 4; lastKnownFileType = sourcecode.swift; path = RequestMethod.swift; sourceTree = "<group>"; };
		716E781B2C5CFDD800FA9EEB /* MoviesError.swift */ = {isa = PBXFileReference; fileEncoding = 4; lastKnownFileType = sourcecode.swift; path = MoviesError.swift; sourceTree = "<group>"; };
		716E781C2C5CFDD800FA9EEB /* NetworkErrorChecker.swift */ = {isa = PBXFileReference; fileEncoding = 4; lastKnownFileType = sourcecode.swift; path = NetworkErrorChecker.swift; sourceTree = "<group>"; };
		716E781D2C5CFDD800FA9EEB /* RequestBuilder.swift */ = {isa = PBXFileReference; fileEncoding = 4; lastKnownFileType = sourcecode.swift; path = RequestBuilder.swift; sourceTree = "<group>"; };
		716E781E2C5CFDD800FA9EEB /* NetworkStore.swift */ = {isa = PBXFileReference; fileEncoding = 4; lastKnownFileType = sourcecode.swift; path = NetworkStore.swift; sourceTree = "<group>"; };
		716E781F2C5CFDD800FA9EEB /* EndPointProtocol.swift */ = {isa = PBXFileReference; fileEncoding = 4; lastKnownFileType = sourcecode.swift; path = EndPointProtocol.swift; sourceTree = "<group>"; };
		716E78272C5D01BF00FA9EEB /* Constants.swift */ = {isa = PBXFileReference; fileEncoding = 4; lastKnownFileType = sourcecode.swift; path = Constants.swift; sourceTree = "<group>"; };
		716E78282C5D01BF00FA9EEB /* MoviesListEndPoint.swift */ = {isa = PBXFileReference; fileEncoding = 4; lastKnownFileType = sourcecode.swift; path = MoviesListEndPoint.swift; sourceTree = "<group>"; };
		716E782E2C5D032C00FA9EEB /* UIImage+Extention.swift */ = {isa = PBXFileReference; fileEncoding = 4; lastKnownFileType = sourcecode.swift; path = "UIImage+Extention.swift"; sourceTree = "<group>"; };
		716E78302C5D033C00FA9EEB /* ImageCache.swift */ = {isa = PBXFileReference; fileEncoding = 4; lastKnownFileType = sourcecode.swift; path = ImageCache.swift; sourceTree = "<group>"; };
		716E78312C5D033C00FA9EEB /* ImageCacheProtocol.swift */ = {isa = PBXFileReference; fileEncoding = 4; lastKnownFileType = sourcecode.swift; path = ImageCacheProtocol.swift; sourceTree = "<group>"; };
		716E78342C5D034400FA9EEB /* ImageLoader.swift */ = {isa = PBXFileReference; fileEncoding = 4; lastKnownFileType = sourcecode.swift; path = ImageLoader.swift; sourceTree = "<group>"; };
		716E78352C5D034400FA9EEB /* ImageLoaderProtocol.swift */ = {isa = PBXFileReference; fileEncoding = 4; lastKnownFileType = sourcecode.swift; path = ImageLoaderProtocol.swift; sourceTree = "<group>"; };
		716E78382C5D089E00FA9EEB /* Movie.swift */ = {isa = PBXFileReference; fileEncoding = 4; lastKnownFileType = sourcecode.swift; path = Movie.swift; sourceTree = "<group>"; };
		716E78392C5D089E00FA9EEB /* MoviesList.swift */ = {isa = PBXFileReference; fileEncoding = 4; lastKnownFileType = sourcecode.swift; path = MoviesList.swift; sourceTree = "<group>"; };
		716E783C2C5D08D400FA9EEB /* MoviesListRepoProtocol.swift */ = {isa = PBXFileReference; fileEncoding = 4; lastKnownFileType = sourcecode.swift; path = MoviesListRepoProtocol.swift; sourceTree = "<group>"; };
		716E783E2C5D08F000FA9EEB /* MoviesListUseCase.swift */ = {isa = PBXFileReference; fileEncoding = 4; lastKnownFileType = sourcecode.swift; path = MoviesListUseCase.swift; sourceTree = "<group>"; };
		716E78402C5D092C00FA9EEB /* MoviesListRepo.swift */ = {isa = PBXFileReference; fileEncoding = 4; lastKnownFileType = sourcecode.swift; path = MoviesListRepo.swift; sourceTree = "<group>"; };
		716E78422C5D09DA00FA9EEB /* MovieMapper.swift */ = {isa = PBXFileReference; fileEncoding = 4; lastKnownFileType = sourcecode.swift; path = MovieMapper.swift; sourceTree = "<group>"; };
		716E78432C5D09DA00FA9EEB /* MoviesListMapper.swift */ = {isa = PBXFileReference; fileEncoding = 4; lastKnownFileType = sourcecode.swift; path = MoviesListMapper.swift; sourceTree = "<group>"; };
		716E78482C5D0A7100FA9EEB /* MoviesTabBarViewController.swift */ = {isa = PBXFileReference; fileEncoding = 4; lastKnownFileType = sourcecode.swift; path = MoviesTabBarViewController.swift; sourceTree = "<group>"; };
		716E784A2C5D0A8A00FA9EEB /* MoviesListViewController.xib */ = {isa = PBXFileReference; fileEncoding = 4; lastKnownFileType = file.xib; path = MoviesListViewController.xib; sourceTree = "<group>"; };
		716E784B2C5D0A8A00FA9EEB /* MoviesListViewController.swift */ = {isa = PBXFileReference; fileEncoding = 4; lastKnownFileType = sourcecode.swift; path = MoviesListViewController.swift; sourceTree = "<group>"; };
		716E784D2C5D0A8A00FA9EEB /* MovieTableViewCell.xib */ = {isa = PBXFileReference; fileEncoding = 4; lastKnownFileType = file.xib; path = MovieTableViewCell.xib; sourceTree = "<group>"; };
		716E784E2C5D0A8A00FA9EEB /* MovieTableViewCell.swift */ = {isa = PBXFileReference; fileEncoding = 4; lastKnownFileType = sourcecode.swift; path = MovieTableViewCell.swift; sourceTree = "<group>"; };
		716E78562C5D0B4C00FA9EEB /* MoviesListViewModelProtocol.swift */ = {isa = PBXFileReference; fileEncoding = 4; lastKnownFileType = sourcecode.swift; path = MoviesListViewModelProtocol.swift; sourceTree = "<group>"; };
		716E78572C5D0B4C00FA9EEB /* MoviesListViewModel.swift */ = {isa = PBXFileReference; fileEncoding = 4; lastKnownFileType = sourcecode.swift; path = MoviesListViewModel.swift; sourceTree = "<group>"; };
		716E785B2C5D0B8700FA9EEB /* AppDependencyContainer.swift */ = {isa = PBXFileReference; fileEncoding = 4; lastKnownFileType = sourcecode.swift; path = AppDependencyContainer.swift; sourceTree = "<group>"; };
		716E785E2C5D0BD500FA9EEB /* AppCoordinator.swift */ = {isa = PBXFileReference; fileEncoding = 4; lastKnownFileType = sourcecode.swift; path = AppCoordinator.swift; sourceTree = "<group>"; };
		716E785F2C5D0BD500FA9EEB /* Coordinator.swift */ = {isa = PBXFileReference; fileEncoding = 4; lastKnownFileType = sourcecode.swift; path = Coordinator.swift; sourceTree = "<group>"; };
		716E78642C5D0CFB00FA9EEB /* EmptyStateView.xib */ = {isa = PBXFileReference; fileEncoding = 4; lastKnownFileType = file.xib; path = EmptyStateView.xib; sourceTree = "<group>"; };
		716E78652C5D0CFB00FA9EEB /* EmptyStateView.swift */ = {isa = PBXFileReference; fileEncoding = 4; lastKnownFileType = sourcecode.swift; path = EmptyStateView.swift; sourceTree = "<group>"; };
		716E78682C5D0D3100FA9EEB /* UIView+Extention.swift */ = {isa = PBXFileReference; fileEncoding = 4; lastKnownFileType = sourcecode.swift; path = "UIView+Extention.swift"; sourceTree = "<group>"; };
		716E78692C5D0D3100FA9EEB /* UIViewController+Extention.swift */ = {isa = PBXFileReference; fileEncoding = 4; lastKnownFileType = sourcecode.swift; path = "UIViewController+Extention.swift"; sourceTree = "<group>"; };
		716E786D2C5E29E200FA9EEB /* TagCollectionViewCell.swift */ = {isa = PBXFileReference; fileEncoding = 4; lastKnownFileType = sourcecode.swift; path = TagCollectionViewCell.swift; sourceTree = "<group>"; };
		716E786E2C5E29E200FA9EEB /* Tag.swift */ = {isa = PBXFileReference; fileEncoding = 4; lastKnownFileType = sourcecode.swift; path = Tag.swift; sourceTree = "<group>"; };
		716E786F2C5E29E200FA9EEB /* TagsCollectionView.swift */ = {isa = PBXFileReference; fileEncoding = 4; lastKnownFileType = sourcecode.swift; path = TagsCollectionView.swift; sourceTree = "<group>"; };
		716E78732C5E4DFE00FA9EEB /* GenresDTO.swift */ = {isa = PBXFileReference; lastKnownFileType = sourcecode.swift; path = GenresDTO.swift; sourceTree = "<group>"; };
		716E78752C5E4E8F00FA9EEB /* GenresEndPoint.swift */ = {isa = PBXFileReference; lastKnownFileType = sourcecode.swift; path = GenresEndPoint.swift; sourceTree = "<group>"; };
		716E78772C5E534700FA9EEB /* Genre.swift */ = {isa = PBXFileReference; lastKnownFileType = sourcecode.swift; path = Genre.swift; sourceTree = "<group>"; };
		716E78792C5E53BE00FA9EEB /* GenresUseCase.swift */ = {isa = PBXFileReference; lastKnownFileType = sourcecode.swift; path = GenresUseCase.swift; sourceTree = "<group>"; };
		716E787B2C5E544300FA9EEB /* GenresRepoProtocol.swift */ = {isa = PBXFileReference; lastKnownFileType = sourcecode.swift; path = GenresRepoProtocol.swift; sourceTree = "<group>"; };
		716E787E2C5E54CD00FA9EEB /* GenresRepo.swift */ = {isa = PBXFileReference; lastKnownFileType = sourcecode.swift; path = GenresRepo.swift; sourceTree = "<group>"; };
		716E78802C5E556100FA9EEB /* GenresMapper.swift */ = {isa = PBXFileReference; lastKnownFileType = sourcecode.swift; path = GenresMapper.swift; sourceTree = "<group>"; };
		716E78832C5EB23500FA9EEB /* CoreDataStack.swift */ = {isa = PBXFileReference; fileEncoding = 4; lastKnownFileType = sourcecode.swift; path = CoreDataStack.swift; sourceTree = "<group>"; };
		716E78862C5EB23500FA9EEB /* MovieApiResponseCacheStore.swift */ = {isa = PBXFileReference; fileEncoding = 4; lastKnownFileType = sourcecode.swift; path = MovieApiResponseCacheStore.swift; sourceTree = "<group>"; };
		716E78872C5EB23500FA9EEB /* CoreDataStore.swift */ = {isa = PBXFileReference; fileEncoding = 4; lastKnownFileType = sourcecode.swift; path = CoreDataStore.swift; sourceTree = "<group>"; };
		716E78882C5EB23500FA9EEB /* StorageStoreProtocol.swift */ = {isa = PBXFileReference; fileEncoding = 4; lastKnownFileType = sourcecode.swift; path = StorageStoreProtocol.swift; sourceTree = "<group>"; };
		716E788F2C5EB2CA00FA9EEB /* Movies.xcdatamodel */ = {isa = PBXFileReference; lastKnownFileType = wrapper.xcdatamodel; path = Movies.xcdatamodel; sourceTree = "<group>"; };
		71BADFFD2C5C154500917346 /* Movies.app */ = {isa = PBXFileReference; explicitFileType = wrapper.application; includeInIndex = 0; path = Movies.app; sourceTree = BUILT_PRODUCTS_DIR; };
		71BAE0002C5C154500917346 /* AppDelegate.swift */ = {isa = PBXFileReference; lastKnownFileType = sourcecode.swift; path = AppDelegate.swift; sourceTree = "<group>"; };
		71BAE0022C5C154500917346 /* SceneDelegate.swift */ = {isa = PBXFileReference; lastKnownFileType = sourcecode.swift; path = SceneDelegate.swift; sourceTree = "<group>"; };
		71BAE0092C5C154700917346 /* Assets.xcassets */ = {isa = PBXFileReference; lastKnownFileType = folder.assetcatalog; path = Assets.xcassets; sourceTree = "<group>"; };
		71BAE00C2C5C154700917346 /* Base */ = {isa = PBXFileReference; lastKnownFileType = file.storyboard; name = Base; path = Base.lproj/LaunchScreen.storyboard; sourceTree = "<group>"; };
		71BAE00E2C5C154700917346 /* Info.plist */ = {isa = PBXFileReference; lastKnownFileType = text.plist.xml; path = Info.plist; sourceTree = "<group>"; };
		71BAE0132C5C154700917346 /* MoviesTests.xctest */ = {isa = PBXFileReference; explicitFileType = wrapper.cfbundle; includeInIndex = 0; path = MoviesTests.xctest; sourceTree = BUILT_PRODUCTS_DIR; };
		71BAE0172C5C154700917346 /* MoviesTests.swift */ = {isa = PBXFileReference; lastKnownFileType = sourcecode.swift; path = MoviesTests.swift; sourceTree = "<group>"; };
		71BAE01D2C5C154700917346 /* MoviesUITests.xctest */ = {isa = PBXFileReference; explicitFileType = wrapper.cfbundle; includeInIndex = 0; path = MoviesUITests.xctest; sourceTree = BUILT_PRODUCTS_DIR; };
		71BAE0212C5C154700917346 /* MoviesUITests.swift */ = {isa = PBXFileReference; lastKnownFileType = sourcecode.swift; path = MoviesUITests.swift; sourceTree = "<group>"; };
		71BAE0232C5C154700917346 /* MoviesUITestsLaunchTests.swift */ = {isa = PBXFileReference; lastKnownFileType = sourcecode.swift; path = MoviesUITestsLaunchTests.swift; sourceTree = "<group>"; };
/* End PBXFileReference section */

/* Begin PBXFrameworksBuildPhase section */
		71BADFFA2C5C154500917346 /* Frameworks */ = {
			isa = PBXFrameworksBuildPhase;
			buildActionMask = 2147483647;
			files = (
			);
			runOnlyForDeploymentPostprocessing = 0;
		};
		71BAE0102C5C154700917346 /* Frameworks */ = {
			isa = PBXFrameworksBuildPhase;
			buildActionMask = 2147483647;
			files = (
			);
			runOnlyForDeploymentPostprocessing = 0;
		};
		71BAE01A2C5C154700917346 /* Frameworks */ = {
			isa = PBXFrameworksBuildPhase;
			buildActionMask = 2147483647;
			files = (
			);
			runOnlyForDeploymentPostprocessing = 0;
		};
/* End PBXFrameworksBuildPhase section */

/* Begin PBXGroup section */
		716E77A52C5C180E00FA9EEB /* Domain */ = {
			isa = PBXGroup;
			children = (
				716E77AA2C5C191F00FA9EEB /* Entities */,
				716E77AB2C5C192700FA9EEB /* UseCases */,
				716E77AC2C5C193A00FA9EEB /* Repositories */,
			);
			path = Domain;
			sourceTree = "<group>";
		};
		716E77A62C5C181400FA9EEB /* Data */ = {
			isa = PBXGroup;
			children = (
				716E77AD2C5C196600FA9EEB /* Models */,
				716E77B12C5C199A00FA9EEB /* Mappers */,
				716E77B02C5C198900FA9EEB /* Persistance */,
				716E77AF2C5C198500FA9EEB /* Network */,
				716E77AE2C5C197200FA9EEB /* Repositories */,
			);
			path = Data;
			sourceTree = "<group>";
		};
		716E77A72C5C181900FA9EEB /* Presentation */ = {
			isa = PBXGroup;
			children = (
				716E78532C5D0AFB00FA9EEB /* ViewControllers */,
				716E78622C5D0CD200FA9EEB /* Views */,
				716E78542C5D0B0700FA9EEB /* ViewModels */,
				716E785A2C5D0B8700FA9EEB /* App Dependency Container */,
				716E785D2C5D0BD500FA9EEB /* App Coordinator */,
			);
			path = Presentation;
			sourceTree = "<group>";
		};
		716E77A82C5C183B00FA9EEB /* Utilities */ = {
			isa = PBXGroup;
			children = (
				716E782D2C5D031400FA9EEB /* Extentions */,
				716E782C2C5D030E00FA9EEB /* ImageCache */,
				716E782B2C5D02EE00FA9EEB /* ImageLoader */,
			);
			path = Utilities;
			sourceTree = "<group>";
		};
		716E77A92C5C184100FA9EEB /* Resources */ = {
			isa = PBXGroup;
			children = (
				71BAE00B2C5C154700917346 /* LaunchScreen.storyboard */,
				71BAE0092C5C154700917346 /* Assets.xcassets */,
			);
			path = Resources;
			sourceTree = "<group>";
		};
		716E77AA2C5C191F00FA9EEB /* Entities */ = {
			isa = PBXGroup;
			children = (
				716E78382C5D089E00FA9EEB /* Movie.swift */,
				716E78392C5D089E00FA9EEB /* MoviesList.swift */,
				716E78772C5E534700FA9EEB /* Genre.swift */,
			);
			path = Entities;
			sourceTree = "<group>";
		};
		716E77AB2C5C192700FA9EEB /* UseCases */ = {
			isa = PBXGroup;
			children = (
				716E783E2C5D08F000FA9EEB /* MoviesListUseCase.swift */,
				716E78792C5E53BE00FA9EEB /* GenresUseCase.swift */,
			);
			path = UseCases;
			sourceTree = "<group>";
		};
		716E77AC2C5C193A00FA9EEB /* Repositories */ = {
			isa = PBXGroup;
			children = (
				716E783C2C5D08D400FA9EEB /* MoviesListRepoProtocol.swift */,
				716E787B2C5E544300FA9EEB /* GenresRepoProtocol.swift */,
			);
			path = Repositories;
			sourceTree = "<group>";
		};
		716E77AD2C5C196600FA9EEB /* Models */ = {
			isa = PBXGroup;
			children = (
				716E78162C5CFD4800FA9EEB /* MovieDTO.swift */,
				716E78172C5CFD4800FA9EEB /* MoviesListDTO.swift */,
				716E78732C5E4DFE00FA9EEB /* GenresDTO.swift */,
			);
			path = Models;
			sourceTree = "<group>";
		};
		716E77AE2C5C197200FA9EEB /* Repositories */ = {
			isa = PBXGroup;
			children = (
				716E78402C5D092C00FA9EEB /* MoviesListRepo.swift */,
				716E787E2C5E54CD00FA9EEB /* GenresRepo.swift */,
			);
			path = Repositories;
			sourceTree = "<group>";
		};
		716E77AF2C5C198500FA9EEB /* Network */ = {
			isa = PBXGroup;
			children = (
				716E78262C5D019400FA9EEB /* EndPoints */,
				716E781F2C5CFDD800FA9EEB /* EndPointProtocol.swift */,
				716E781B2C5CFDD800FA9EEB /* MoviesError.swift */,
				716E781C2C5CFDD800FA9EEB /* NetworkErrorChecker.swift */,
				716E781E2C5CFDD800FA9EEB /* NetworkStore.swift */,
				716E781D2C5CFDD800FA9EEB /* RequestBuilder.swift */,
				716E781A2C5CFDD800FA9EEB /* RequestMethod.swift */,
			);
			path = Network;
			sourceTree = "<group>";
		};
		716E77B02C5C198900FA9EEB /* Persistance */ = {
			isa = PBXGroup;
			children = (
				716E78822C5EB23500FA9EEB /* Core Data */,
				716E78882C5EB23500FA9EEB /* StorageStoreProtocol.swift */,
			);
			path = Persistance;
			sourceTree = "<group>";
		};
		716E77B12C5C199A00FA9EEB /* Mappers */ = {
			isa = PBXGroup;
			children = (
				716E78422C5D09DA00FA9EEB /* MovieMapper.swift */,
				716E78432C5D09DA00FA9EEB /* MoviesListMapper.swift */,
				716E78802C5E556100FA9EEB /* GenresMapper.swift */,
			);
			path = Mappers;
			sourceTree = "<group>";
		};
		716E78262C5D019400FA9EEB /* EndPoints */ = {
			isa = PBXGroup;
			children = (
				716E78272C5D01BF00FA9EEB /* Constants.swift */,
				716E78282C5D01BF00FA9EEB /* MoviesListEndPoint.swift */,
				716E78752C5E4E8F00FA9EEB /* GenresEndPoint.swift */,
			);
			path = EndPoints;
			sourceTree = "<group>";
		};
		716E782B2C5D02EE00FA9EEB /* ImageLoader */ = {
			isa = PBXGroup;
			children = (
				716E78342C5D034400FA9EEB /* ImageLoader.swift */,
				716E78352C5D034400FA9EEB /* ImageLoaderProtocol.swift */,
			);
			path = ImageLoader;
			sourceTree = "<group>";
		};
		716E782C2C5D030E00FA9EEB /* ImageCache */ = {
			isa = PBXGroup;
			children = (
				716E78302C5D033C00FA9EEB /* ImageCache.swift */,
				716E78312C5D033C00FA9EEB /* ImageCacheProtocol.swift */,
			);
			path = ImageCache;
			sourceTree = "<group>";
		};
		716E782D2C5D031400FA9EEB /* Extentions */ = {
			isa = PBXGroup;
			children = (
				716E782E2C5D032C00FA9EEB /* UIImage+Extention.swift */,
				716E78682C5D0D3100FA9EEB /* UIView+Extention.swift */,
				716E78692C5D0D3100FA9EEB /* UIViewController+Extention.swift */,
			);
			path = Extentions;
			sourceTree = "<group>";
		};
		716E78462C5D0A2400FA9EEB /* MoviesTabBarViewController */ = {
			isa = PBXGroup;
			children = (
				716E78482C5D0A7100FA9EEB /* MoviesTabBarViewController.swift */,
			);
			path = MoviesTabBarViewController;
			sourceTree = "<group>";
		};
		716E78472C5D0A2F00FA9EEB /* MoviesListViewController */ = {
			isa = PBXGroup;
			children = (
				716E784C2C5D0A8A00FA9EEB /* Cell */,
				716E784B2C5D0A8A00FA9EEB /* MoviesListViewController.swift */,
				716E784A2C5D0A8A00FA9EEB /* MoviesListViewController.xib */,
			);
			path = MoviesListViewController;
			sourceTree = "<group>";
		};
		716E784C2C5D0A8A00FA9EEB /* Cell */ = {
			isa = PBXGroup;
			children = (
				716E784D2C5D0A8A00FA9EEB /* MovieTableViewCell.xib */,
				716E784E2C5D0A8A00FA9EEB /* MovieTableViewCell.swift */,
			);
			path = Cell;
			sourceTree = "<group>";
		};
		716E78532C5D0AFB00FA9EEB /* ViewControllers */ = {
			isa = PBXGroup;
			children = (
				716E78472C5D0A2F00FA9EEB /* MoviesListViewController */,
				716E78462C5D0A2400FA9EEB /* MoviesTabBarViewController */,
			);
			path = ViewControllers;
			sourceTree = "<group>";
		};
		716E78542C5D0B0700FA9EEB /* ViewModels */ = {
			isa = PBXGroup;
			children = (
				716E78552C5D0B4C00FA9EEB /* MovieListViewModel */,
			);
			path = ViewModels;
			sourceTree = "<group>";
		};
		716E78552C5D0B4C00FA9EEB /* MovieListViewModel */ = {
			isa = PBXGroup;
			children = (
				716E78562C5D0B4C00FA9EEB /* MoviesListViewModelProtocol.swift */,
				716E78572C5D0B4C00FA9EEB /* MoviesListViewModel.swift */,
			);
			path = MovieListViewModel;
			sourceTree = "<group>";
		};
		716E785A2C5D0B8700FA9EEB /* App Dependency Container */ = {
			isa = PBXGroup;
			children = (
				716E785B2C5D0B8700FA9EEB /* AppDependencyContainer.swift */,
			);
			path = "App Dependency Container";
			sourceTree = "<group>";
		};
		716E785D2C5D0BD500FA9EEB /* App Coordinator */ = {
			isa = PBXGroup;
			children = (
				716E785E2C5D0BD500FA9EEB /* AppCoordinator.swift */,
				716E785F2C5D0BD500FA9EEB /* Coordinator.swift */,
			);
			path = "App Coordinator";
			sourceTree = "<group>";
		};
		716E78622C5D0CD200FA9EEB /* Views */ = {
			isa = PBXGroup;
			children = (
				716E78632C5D0CFB00FA9EEB /* Empty State */,
				716E786C2C5E29E200FA9EEB /* Tags */,
			);
			path = Views;
			sourceTree = "<group>";
		};
		716E78632C5D0CFB00FA9EEB /* Empty State */ = {
			isa = PBXGroup;
			children = (
				716E78642C5D0CFB00FA9EEB /* EmptyStateView.xib */,
				716E78652C5D0CFB00FA9EEB /* EmptyStateView.swift */,
			);
			path = "Empty State";
			sourceTree = "<group>";
		};
		716E786C2C5E29E200FA9EEB /* Tags */ = {
			isa = PBXGroup;
			children = (
				716E786D2C5E29E200FA9EEB /* TagCollectionViewCell.swift */,
				716E786E2C5E29E200FA9EEB /* Tag.swift */,
				716E786F2C5E29E200FA9EEB /* TagsCollectionView.swift */,
			);
			path = Tags;
			sourceTree = "<group>";
		};
		716E78822C5EB23500FA9EEB /* Core Data */ = {
			isa = PBXGroup;
			children = (
				716E78832C5EB23500FA9EEB /* CoreDataStack.swift */,
				716E78862C5EB23500FA9EEB /* MovieApiResponseCacheStore.swift */,
				716E78872C5EB23500FA9EEB /* CoreDataStore.swift */,
				716E788E2C5EB2CA00FA9EEB /* Movies.xcdatamodeld */,
			);
			path = "Core Data";
			sourceTree = "<group>";
		};
		71BADFF42C5C154500917346 = {
			isa = PBXGroup;
			children = (
				71BADFFF2C5C154500917346 /* Movies */,
				71BAE0162C5C154700917346 /* MoviesTests */,
				71BAE0202C5C154700917346 /* MoviesUITests */,
				71BADFFE2C5C154500917346 /* Products */,
			);
			sourceTree = "<group>";
		};
		71BADFFE2C5C154500917346 /* Products */ = {
			isa = PBXGroup;
			children = (
				71BADFFD2C5C154500917346 /* Movies.app */,
				71BAE0132C5C154700917346 /* MoviesTests.xctest */,
				71BAE01D2C5C154700917346 /* MoviesUITests.xctest */,
			);
			name = Products;
			sourceTree = "<group>";
		};
		71BADFFF2C5C154500917346 /* Movies */ = {
			isa = PBXGroup;
			children = (
				716E77A52C5C180E00FA9EEB /* Domain */,
				716E77A62C5C181400FA9EEB /* Data */,
				716E77A72C5C181900FA9EEB /* Presentation */,
				716E77A82C5C183B00FA9EEB /* Utilities */,
				716E77A92C5C184100FA9EEB /* Resources */,
				71BAE0002C5C154500917346 /* AppDelegate.swift */,
				71BAE0022C5C154500917346 /* SceneDelegate.swift */,
				71BAE00E2C5C154700917346 /* Info.plist */,
			);
			path = Movies;
			sourceTree = "<group>";
		};
		71BAE0162C5C154700917346 /* MoviesTests */ = {
			isa = PBXGroup;
			children = (
				71BAE0172C5C154700917346 /* MoviesTests.swift */,
			);
			path = MoviesTests;
			sourceTree = "<group>";
		};
		71BAE0202C5C154700917346 /* MoviesUITests */ = {
			isa = PBXGroup;
			children = (
				71BAE0212C5C154700917346 /* MoviesUITests.swift */,
				71BAE0232C5C154700917346 /* MoviesUITestsLaunchTests.swift */,
			);
			path = MoviesUITests;
			sourceTree = "<group>";
		};
/* End PBXGroup section */

/* Begin PBXNativeTarget section */
		71BADFFC2C5C154500917346 /* Movies */ = {
			isa = PBXNativeTarget;
			buildConfigurationList = 71BAE0272C5C154700917346 /* Build configuration list for PBXNativeTarget "Movies" */;
			buildPhases = (
				71BADFF92C5C154500917346 /* Sources */,
				71BADFFA2C5C154500917346 /* Frameworks */,
				71BADFFB2C5C154500917346 /* Resources */,
			);
			buildRules = (
			);
			dependencies = (
			);
			name = Movies;
			productName = Movies;
			productReference = 71BADFFD2C5C154500917346 /* Movies.app */;
			productType = "com.apple.product-type.application";
		};
		71BAE0122C5C154700917346 /* MoviesTests */ = {
			isa = PBXNativeTarget;
			buildConfigurationList = 71BAE02A2C5C154700917346 /* Build configuration list for PBXNativeTarget "MoviesTests" */;
			buildPhases = (
				71BAE00F2C5C154700917346 /* Sources */,
				71BAE0102C5C154700917346 /* Frameworks */,
				71BAE0112C5C154700917346 /* Resources */,
			);
			buildRules = (
			);
			dependencies = (
				71BAE0152C5C154700917346 /* PBXTargetDependency */,
			);
			name = MoviesTests;
			productName = MoviesTests;
			productReference = 71BAE0132C5C154700917346 /* MoviesTests.xctest */;
			productType = "com.apple.product-type.bundle.unit-test";
		};
		71BAE01C2C5C154700917346 /* MoviesUITests */ = {
			isa = PBXNativeTarget;
			buildConfigurationList = 71BAE02D2C5C154700917346 /* Build configuration list for PBXNativeTarget "MoviesUITests" */;
			buildPhases = (
				71BAE0192C5C154700917346 /* Sources */,
				71BAE01A2C5C154700917346 /* Frameworks */,
				71BAE01B2C5C154700917346 /* Resources */,
			);
			buildRules = (
			);
			dependencies = (
				71BAE01F2C5C154700917346 /* PBXTargetDependency */,
			);
			name = MoviesUITests;
			productName = MoviesUITests;
			productReference = 71BAE01D2C5C154700917346 /* MoviesUITests.xctest */;
			productType = "com.apple.product-type.bundle.ui-testing";
		};
/* End PBXNativeTarget section */

/* Begin PBXProject section */
		71BADFF52C5C154500917346 /* Project object */ = {
			isa = PBXProject;
			attributes = {
				BuildIndependentTargetsInParallel = 1;
				LastSwiftUpdateCheck = 1520;
				LastUpgradeCheck = 1520;
				TargetAttributes = {
					71BADFFC2C5C154500917346 = {
						CreatedOnToolsVersion = 15.2;
					};
					71BAE0122C5C154700917346 = {
						CreatedOnToolsVersion = 15.2;
						TestTargetID = 71BADFFC2C5C154500917346;
					};
					71BAE01C2C5C154700917346 = {
						CreatedOnToolsVersion = 15.2;
						TestTargetID = 71BADFFC2C5C154500917346;
					};
				};
			};
			buildConfigurationList = 71BADFF82C5C154500917346 /* Build configuration list for PBXProject "Movies" */;
			compatibilityVersion = "Xcode 14.0";
			developmentRegion = en;
			hasScannedForEncodings = 0;
			knownRegions = (
				en,
				Base,
			);
			mainGroup = 71BADFF42C5C154500917346;
			productRefGroup = 71BADFFE2C5C154500917346 /* Products */;
			projectDirPath = "";
			projectRoot = "";
			targets = (
				71BADFFC2C5C154500917346 /* Movies */,
				71BAE0122C5C154700917346 /* MoviesTests */,
				71BAE01C2C5C154700917346 /* MoviesUITests */,
			);
		};
/* End PBXProject section */

/* Begin PBXResourcesBuildPhase section */
		71BADFFB2C5C154500917346 /* Resources */ = {
			isa = PBXResourcesBuildPhase;
			buildActionMask = 2147483647;
			files = (
				71BAE00D2C5C154700917346 /* LaunchScreen.storyboard in Resources */,
				716E78662C5D0CFB00FA9EEB /* EmptyStateView.xib in Resources */,
				71BAE00A2C5C154700917346 /* Assets.xcassets in Resources */,
				716E78512C5D0A8A00FA9EEB /* MovieTableViewCell.xib in Resources */,
				716E784F2C5D0A8A00FA9EEB /* MoviesListViewController.xib in Resources */,
			);
			runOnlyForDeploymentPostprocessing = 0;
		};
		71BAE0112C5C154700917346 /* Resources */ = {
			isa = PBXResourcesBuildPhase;
			buildActionMask = 2147483647;
			files = (
			);
			runOnlyForDeploymentPostprocessing = 0;
		};
		71BAE01B2C5C154700917346 /* Resources */ = {
			isa = PBXResourcesBuildPhase;
			buildActionMask = 2147483647;
			files = (
			);
			runOnlyForDeploymentPostprocessing = 0;
		};
/* End PBXResourcesBuildPhase section */

/* Begin PBXSourcesBuildPhase section */
		71BADFF92C5C154500917346 /* Sources */ = {
			isa = PBXSourcesBuildPhase;
			buildActionMask = 2147483647;
			files = (
				716E788C2C5EB23500FA9EEB /* CoreDataStore.swift in Sources */,
				716E78442C5D09DA00FA9EEB /* MovieMapper.swift in Sources */,
				716E78892C5EB23500FA9EEB /* CoreDataStack.swift in Sources */,
				716E78712C5E29E200FA9EEB /* Tag.swift in Sources */,
				716E78372C5D034400FA9EEB /* ImageLoaderProtocol.swift in Sources */,
				716E78522C5D0A8A00FA9EEB /* MovieTableViewCell.swift in Sources */,
				716E78762C5E4E8F00FA9EEB /* GenresEndPoint.swift in Sources */,
				716E78192C5CFD4800FA9EEB /* MoviesListDTO.swift in Sources */,
				716E78602C5D0BD500FA9EEB /* AppCoordinator.swift in Sources */,
				716E783D2C5D08D400FA9EEB /* MoviesListRepoProtocol.swift in Sources */,
				716E783A2C5D089E00FA9EEB /* Movie.swift in Sources */,
				716E787F2C5E54CD00FA9EEB /* GenresRepo.swift in Sources */,
				716E78452C5D09DA00FA9EEB /* MoviesListMapper.swift in Sources */,
				716E78292C5D01BF00FA9EEB /* Constants.swift in Sources */,
				716E78212C5CFDD800FA9EEB /* MoviesError.swift in Sources */,
				716E78742C5E4DFE00FA9EEB /* GenresDTO.swift in Sources */,
				716E782A2C5D01BF00FA9EEB /* MoviesListEndPoint.swift in Sources */,
				716E78332C5D033C00FA9EEB /* ImageCacheProtocol.swift in Sources */,
				716E78252C5CFDD800FA9EEB /* EndPointProtocol.swift in Sources */,
				716E78812C5E556100FA9EEB /* GenresMapper.swift in Sources */,
				716E78362C5D034400FA9EEB /* ImageLoader.swift in Sources */,
				716E78592C5D0B4C00FA9EEB /* MoviesListViewModel.swift in Sources */,
				71BAE0012C5C154500917346 /* AppDelegate.swift in Sources */,
				716E78722C5E29E200FA9EEB /* TagsCollectionView.swift in Sources */,
				716E78612C5D0BD500FA9EEB /* Coordinator.swift in Sources */,
				716E78182C5CFD4800FA9EEB /* MovieDTO.swift in Sources */,
				716E78582C5D0B4C00FA9EEB /* MoviesListViewModelProtocol.swift in Sources */,
				716E786A2C5D0D3100FA9EEB /* UIView+Extention.swift in Sources */,
				716E78222C5CFDD800FA9EEB /* NetworkErrorChecker.swift in Sources */,
				716E78702C5E29E200FA9EEB /* TagCollectionViewCell.swift in Sources */,
				716E783F2C5D08F000FA9EEB /* MoviesListUseCase.swift in Sources */,
				716E78672C5D0CFB00FA9EEB /* EmptyStateView.swift in Sources */,
				716E786B2C5D0D3100FA9EEB /* UIViewController+Extention.swift in Sources */,
				716E78202C5CFDD800FA9EEB /* RequestMethod.swift in Sources */,
				71BAE0032C5C154500917346 /* SceneDelegate.swift in Sources */,
				716E78232C5CFDD800FA9EEB /* RequestBuilder.swift in Sources */,
				716E787C2C5E544300FA9EEB /* GenresRepoProtocol.swift in Sources */,
				716E785C2C5D0B8700FA9EEB /* AppDependencyContainer.swift in Sources */,
				716E783B2C5D089E00FA9EEB /* MoviesList.swift in Sources */,
				716E78242C5CFDD800FA9EEB /* NetworkStore.swift in Sources */,
				716E78492C5D0A7100FA9EEB /* MoviesTabBarViewController.swift in Sources */,
				716E78322C5D033C00FA9EEB /* ImageCache.swift in Sources */,
				716E788D2C5EB23500FA9EEB /* StorageStoreProtocol.swift in Sources */,
				716E788B2C5EB23500FA9EEB /* MovieApiResponseCacheStore.swift in Sources */,
				716E78502C5D0A8A00FA9EEB /* MoviesListViewController.swift in Sources */,
				716E78782C5E534700FA9EEB /* Genre.swift in Sources */,
				716E78412C5D092C00FA9EEB /* MoviesListRepo.swift in Sources */,
				716E782F2C5D032C00FA9EEB /* UIImage+Extention.swift in Sources */,
				716E78902C5EB2CA00FA9EEB /* Movies.xcdatamodeld in Sources */,
				716E787A2C5E53BE00FA9EEB /* GenresUseCase.swift in Sources */,
			);
			runOnlyForDeploymentPostprocessing = 0;
		};
		71BAE00F2C5C154700917346 /* Sources */ = {
			isa = PBXSourcesBuildPhase;
			buildActionMask = 2147483647;
			files = (
				71BAE0182C5C154700917346 /* MoviesTests.swift in Sources */,
			);
			runOnlyForDeploymentPostprocessing = 0;
		};
		71BAE0192C5C154700917346 /* Sources */ = {
			isa = PBXSourcesBuildPhase;
			buildActionMask = 2147483647;
			files = (
				71BAE0222C5C154700917346 /* MoviesUITests.swift in Sources */,
				71BAE0242C5C154700917346 /* MoviesUITestsLaunchTests.swift in Sources */,
			);
			runOnlyForDeploymentPostprocessing = 0;
		};
/* End PBXSourcesBuildPhase section */

/* Begin PBXTargetDependency section */
		71BAE0152C5C154700917346 /* PBXTargetDependency */ = {
			isa = PBXTargetDependency;
			target = 71BADFFC2C5C154500917346 /* Movies */;
			targetProxy = 71BAE0142C5C154700917346 /* PBXContainerItemProxy */;
		};
		71BAE01F2C5C154700917346 /* PBXTargetDependency */ = {
			isa = PBXTargetDependency;
			target = 71BADFFC2C5C154500917346 /* Movies */;
			targetProxy = 71BAE01E2C5C154700917346 /* PBXContainerItemProxy */;
		};
/* End PBXTargetDependency section */

/* Begin PBXVariantGroup section */
		71BAE00B2C5C154700917346 /* LaunchScreen.storyboard */ = {
			isa = PBXVariantGroup;
			children = (
				71BAE00C2C5C154700917346 /* Base */,
			);
			name = LaunchScreen.storyboard;
			sourceTree = "<group>";
		};
/* End PBXVariantGroup section */

/* Begin XCBuildConfiguration section */
		71BAE0252C5C154700917346 /* Debug */ = {
			isa = XCBuildConfiguration;
			buildSettings = {
				ALWAYS_SEARCH_USER_PATHS = NO;
				ASSETCATALOG_COMPILER_GENERATE_SWIFT_ASSET_SYMBOL_EXTENSIONS = YES;
				CLANG_ANALYZER_NONNULL = YES;
				CLANG_ANALYZER_NUMBER_OBJECT_CONVERSION = YES_AGGRESSIVE;
				CLANG_CXX_LANGUAGE_STANDARD = "gnu++20";
				CLANG_ENABLE_MODULES = YES;
				CLANG_ENABLE_OBJC_ARC = YES;
				CLANG_ENABLE_OBJC_WEAK = YES;
				CLANG_WARN_BLOCK_CAPTURE_AUTORELEASING = YES;
				CLANG_WARN_BOOL_CONVERSION = YES;
				CLANG_WARN_COMMA = YES;
				CLANG_WARN_CONSTANT_CONVERSION = YES;
				CLANG_WARN_DEPRECATED_OBJC_IMPLEMENTATIONS = YES;
				CLANG_WARN_DIRECT_OBJC_ISA_USAGE = YES_ERROR;
				CLANG_WARN_DOCUMENTATION_COMMENTS = YES;
				CLANG_WARN_EMPTY_BODY = YES;
				CLANG_WARN_ENUM_CONVERSION = YES;
				CLANG_WARN_INFINITE_RECURSION = YES;
				CLANG_WARN_INT_CONVERSION = YES;
				CLANG_WARN_NON_LITERAL_NULL_CONVERSION = YES;
				CLANG_WARN_OBJC_IMPLICIT_RETAIN_SELF = YES;
				CLANG_WARN_OBJC_LITERAL_CONVERSION = YES;
				CLANG_WARN_OBJC_ROOT_CLASS = YES_ERROR;
				CLANG_WARN_QUOTED_INCLUDE_IN_FRAMEWORK_HEADER = YES;
				CLANG_WARN_RANGE_LOOP_ANALYSIS = YES;
				CLANG_WARN_STRICT_PROTOTYPES = YES;
				CLANG_WARN_SUSPICIOUS_MOVE = YES;
				CLANG_WARN_UNGUARDED_AVAILABILITY = YES_AGGRESSIVE;
				CLANG_WARN_UNREACHABLE_CODE = YES;
				CLANG_WARN__DUPLICATE_METHOD_MATCH = YES;
				COPY_PHASE_STRIP = NO;
				DEBUG_INFORMATION_FORMAT = dwarf;
				ENABLE_STRICT_OBJC_MSGSEND = YES;
				ENABLE_TESTABILITY = YES;
				ENABLE_USER_SCRIPT_SANDBOXING = YES;
				GCC_C_LANGUAGE_STANDARD = gnu17;
				GCC_DYNAMIC_NO_PIC = NO;
				GCC_NO_COMMON_BLOCKS = YES;
				GCC_OPTIMIZATION_LEVEL = 0;
				GCC_PREPROCESSOR_DEFINITIONS = (
					"DEBUG=1",
					"$(inherited)",
				);
				GCC_WARN_64_TO_32_BIT_CONVERSION = YES;
				GCC_WARN_ABOUT_RETURN_TYPE = YES_ERROR;
				GCC_WARN_UNDECLARED_SELECTOR = YES;
				GCC_WARN_UNINITIALIZED_AUTOS = YES_AGGRESSIVE;
				GCC_WARN_UNUSED_FUNCTION = YES;
				GCC_WARN_UNUSED_VARIABLE = YES;
				IPHONEOS_DEPLOYMENT_TARGET = 17.2;
				LOCALIZATION_PREFERS_STRING_CATALOGS = YES;
				MTL_ENABLE_DEBUG_INFO = INCLUDE_SOURCE;
				MTL_FAST_MATH = YES;
				ONLY_ACTIVE_ARCH = YES;
				SDKROOT = iphoneos;
				SWIFT_ACTIVE_COMPILATION_CONDITIONS = "DEBUG $(inherited)";
				SWIFT_OPTIMIZATION_LEVEL = "-Onone";
			};
			name = Debug;
		};
		71BAE0262C5C154700917346 /* Release */ = {
			isa = XCBuildConfiguration;
			buildSettings = {
				ALWAYS_SEARCH_USER_PATHS = NO;
				ASSETCATALOG_COMPILER_GENERATE_SWIFT_ASSET_SYMBOL_EXTENSIONS = YES;
				CLANG_ANALYZER_NONNULL = YES;
				CLANG_ANALYZER_NUMBER_OBJECT_CONVERSION = YES_AGGRESSIVE;
				CLANG_CXX_LANGUAGE_STANDARD = "gnu++20";
				CLANG_ENABLE_MODULES = YES;
				CLANG_ENABLE_OBJC_ARC = YES;
				CLANG_ENABLE_OBJC_WEAK = YES;
				CLANG_WARN_BLOCK_CAPTURE_AUTORELEASING = YES;
				CLANG_WARN_BOOL_CONVERSION = YES;
				CLANG_WARN_COMMA = YES;
				CLANG_WARN_CONSTANT_CONVERSION = YES;
				CLANG_WARN_DEPRECATED_OBJC_IMPLEMENTATIONS = YES;
				CLANG_WARN_DIRECT_OBJC_ISA_USAGE = YES_ERROR;
				CLANG_WARN_DOCUMENTATION_COMMENTS = YES;
				CLANG_WARN_EMPTY_BODY = YES;
				CLANG_WARN_ENUM_CONVERSION = YES;
				CLANG_WARN_INFINITE_RECURSION = YES;
				CLANG_WARN_INT_CONVERSION = YES;
				CLANG_WARN_NON_LITERAL_NULL_CONVERSION = YES;
				CLANG_WARN_OBJC_IMPLICIT_RETAIN_SELF = YES;
				CLANG_WARN_OBJC_LITERAL_CONVERSION = YES;
				CLANG_WARN_OBJC_ROOT_CLASS = YES_ERROR;
				CLANG_WARN_QUOTED_INCLUDE_IN_FRAMEWORK_HEADER = YES;
				CLANG_WARN_RANGE_LOOP_ANALYSIS = YES;
				CLANG_WARN_STRICT_PROTOTYPES = YES;
				CLANG_WARN_SUSPICIOUS_MOVE = YES;
				CLANG_WARN_UNGUARDED_AVAILABILITY = YES_AGGRESSIVE;
				CLANG_WARN_UNREACHABLE_CODE = YES;
				CLANG_WARN__DUPLICATE_METHOD_MATCH = YES;
				COPY_PHASE_STRIP = NO;
				DEBUG_INFORMATION_FORMAT = "dwarf-with-dsym";
				ENABLE_NS_ASSERTIONS = NO;
				ENABLE_STRICT_OBJC_MSGSEND = YES;
				ENABLE_USER_SCRIPT_SANDBOXING = YES;
				GCC_C_LANGUAGE_STANDARD = gnu17;
				GCC_NO_COMMON_BLOCKS = YES;
				GCC_WARN_64_TO_32_BIT_CONVERSION = YES;
				GCC_WARN_ABOUT_RETURN_TYPE = YES_ERROR;
				GCC_WARN_UNDECLARED_SELECTOR = YES;
				GCC_WARN_UNINITIALIZED_AUTOS = YES_AGGRESSIVE;
				GCC_WARN_UNUSED_FUNCTION = YES;
				GCC_WARN_UNUSED_VARIABLE = YES;
				IPHONEOS_DEPLOYMENT_TARGET = 17.2;
				LOCALIZATION_PREFERS_STRING_CATALOGS = YES;
				MTL_ENABLE_DEBUG_INFO = NO;
				MTL_FAST_MATH = YES;
				SDKROOT = iphoneos;
				SWIFT_COMPILATION_MODE = wholemodule;
				VALIDATE_PRODUCT = YES;
			};
			name = Release;
		};
		71BAE0282C5C154700917346 /* Debug */ = {
			isa = XCBuildConfiguration;
			buildSettings = {
				ASSETCATALOG_COMPILER_APPICON_NAME = AppIcon;
				ASSETCATALOG_COMPILER_GLOBAL_ACCENT_COLOR_NAME = AccentColor;
				CODE_SIGN_STYLE = Automatic;
				CURRENT_PROJECT_VERSION = 1;
				DEVELOPMENT_TEAM = T4639L6GCP;
				GENERATE_INFOPLIST_FILE = YES;
				INFOPLIST_FILE = Movies/Info.plist;
				INFOPLIST_KEY_UIApplicationSupportsIndirectInputEvents = YES;
				INFOPLIST_KEY_UILaunchStoryboardName = LaunchScreen.storyboard;
				INFOPLIST_KEY_UISupportedInterfaceOrientations = UIInterfaceOrientationPortrait;
				INFOPLIST_KEY_UISupportedInterfaceOrientations_iPad = "UIInterfaceOrientationLandscapeLeft UIInterfaceOrientationLandscapeRight UIInterfaceOrientationPortrait UIInterfaceOrientationPortraitUpsideDown";
				LD_RUNPATH_SEARCH_PATHS = (
					"$(inherited)",
					"@executable_path/Frameworks",
				);
				MARKETING_VERSION = 1.0;
				PRODUCT_BUNDLE_IDENTIFIER = com.fawzy.Movies;
				PRODUCT_NAME = "$(TARGET_NAME)";
				SWIFT_EMIT_LOC_STRINGS = YES;
				SWIFT_VERSION = 5.0;
				TARGETED_DEVICE_FAMILY = "1,2";
			};
			name = Debug;
		};
		71BAE0292C5C154700917346 /* Release */ = {
			isa = XCBuildConfiguration;
			buildSettings = {
				ASSETCATALOG_COMPILER_APPICON_NAME = AppIcon;
				ASSETCATALOG_COMPILER_GLOBAL_ACCENT_COLOR_NAME = AccentColor;
				CODE_SIGN_STYLE = Automatic;
				CURRENT_PROJECT_VERSION = 1;
				DEVELOPMENT_TEAM = T4639L6GCP;
				GENERATE_INFOPLIST_FILE = YES;
				INFOPLIST_FILE = Movies/Info.plist;
				INFOPLIST_KEY_UIApplicationSupportsIndirectInputEvents = YES;
				INFOPLIST_KEY_UILaunchStoryboardName = LaunchScreen.storyboard;
				INFOPLIST_KEY_UISupportedInterfaceOrientations = UIInterfaceOrientationPortrait;
				INFOPLIST_KEY_UISupportedInterfaceOrientations_iPad = "UIInterfaceOrientationLandscapeLeft UIInterfaceOrientationLandscapeRight UIInterfaceOrientationPortrait UIInterfaceOrientationPortraitUpsideDown";
				LD_RUNPATH_SEARCH_PATHS = (
					"$(inherited)",
					"@executable_path/Frameworks",
				);
				MARKETING_VERSION = 1.0;
				PRODUCT_BUNDLE_IDENTIFIER = com.fawzy.Movies;
				PRODUCT_NAME = "$(TARGET_NAME)";
				SWIFT_EMIT_LOC_STRINGS = YES;
				SWIFT_VERSION = 5.0;
				TARGETED_DEVICE_FAMILY = "1,2";
			};
			name = Release;
		};
		71BAE02B2C5C154700917346 /* Debug */ = {
			isa = XCBuildConfiguration;
			buildSettings = {
				ALWAYS_EMBED_SWIFT_STANDARD_LIBRARIES = YES;
				BUNDLE_LOADER = "$(TEST_HOST)";
				CODE_SIGN_STYLE = Automatic;
				CURRENT_PROJECT_VERSION = 1;
				DEVELOPMENT_TEAM = T4639L6GCP;
				GENERATE_INFOPLIST_FILE = YES;
				IPHONEOS_DEPLOYMENT_TARGET = 17.2;
				MARKETING_VERSION = 1.0;
				PRODUCT_BUNDLE_IDENTIFIER = com.fawzy.MoviesTests;
				PRODUCT_NAME = "$(TARGET_NAME)";
				SWIFT_EMIT_LOC_STRINGS = NO;
				SWIFT_VERSION = 5.0;
				TARGETED_DEVICE_FAMILY = "1,2";
				TEST_HOST = "$(BUILT_PRODUCTS_DIR)/Movies.app/$(BUNDLE_EXECUTABLE_FOLDER_PATH)/Movies";
			};
			name = Debug;
		};
		71BAE02C2C5C154700917346 /* Release */ = {
			isa = XCBuildConfiguration;
			buildSettings = {
				ALWAYS_EMBED_SWIFT_STANDARD_LIBRARIES = YES;
				BUNDLE_LOADER = "$(TEST_HOST)";
				CODE_SIGN_STYLE = Automatic;
				CURRENT_PROJECT_VERSION = 1;
				DEVELOPMENT_TEAM = T4639L6GCP;
				GENERATE_INFOPLIST_FILE = YES;
				IPHONEOS_DEPLOYMENT_TARGET = 17.2;
				MARKETING_VERSION = 1.0;
				PRODUCT_BUNDLE_IDENTIFIER = com.fawzy.MoviesTests;
				PRODUCT_NAME = "$(TARGET_NAME)";
				SWIFT_EMIT_LOC_STRINGS = NO;
				SWIFT_VERSION = 5.0;
				TARGETED_DEVICE_FAMILY = "1,2";
				TEST_HOST = "$(BUILT_PRODUCTS_DIR)/Movies.app/$(BUNDLE_EXECUTABLE_FOLDER_PATH)/Movies";
			};
			name = Release;
		};
		71BAE02E2C5C154700917346 /* Debug */ = {
			isa = XCBuildConfiguration;
			buildSettings = {
				ALWAYS_EMBED_SWIFT_STANDARD_LIBRARIES = YES;
				CODE_SIGN_STYLE = Automatic;
				CURRENT_PROJECT_VERSION = 1;
				DEVELOPMENT_TEAM = T4639L6GCP;
				GENERATE_INFOPLIST_FILE = YES;
				MARKETING_VERSION = 1.0;
				PRODUCT_BUNDLE_IDENTIFIER = com.fawzy.MoviesUITests;
				PRODUCT_NAME = "$(TARGET_NAME)";
				SWIFT_EMIT_LOC_STRINGS = NO;
				SWIFT_VERSION = 5.0;
				TARGETED_DEVICE_FAMILY = "1,2";
				TEST_TARGET_NAME = Movies;
			};
			name = Debug;
		};
		71BAE02F2C5C154700917346 /* Release */ = {
			isa = XCBuildConfiguration;
			buildSettings = {
				ALWAYS_EMBED_SWIFT_STANDARD_LIBRARIES = YES;
				CODE_SIGN_STYLE = Automatic;
				CURRENT_PROJECT_VERSION = 1;
				DEVELOPMENT_TEAM = T4639L6GCP;
				GENERATE_INFOPLIST_FILE = YES;
				MARKETING_VERSION = 1.0;
				PRODUCT_BUNDLE_IDENTIFIER = com.fawzy.MoviesUITests;
				PRODUCT_NAME = "$(TARGET_NAME)";
				SWIFT_EMIT_LOC_STRINGS = NO;
				SWIFT_VERSION = 5.0;
				TARGETED_DEVICE_FAMILY = "1,2";
				TEST_TARGET_NAME = Movies;
			};
			name = Release;
		};
/* End XCBuildConfiguration section */

/* Begin XCConfigurationList section */
		71BADFF82C5C154500917346 /* Build configuration list for PBXProject "Movies" */ = {
			isa = XCConfigurationList;
			buildConfigurations = (
				71BAE0252C5C154700917346 /* Debug */,
				71BAE0262C5C154700917346 /* Release */,
			);
			defaultConfigurationIsVisible = 0;
			defaultConfigurationName = Release;
		};
		71BAE0272C5C154700917346 /* Build configuration list for PBXNativeTarget "Movies" */ = {
			isa = XCConfigurationList;
			buildConfigurations = (
				71BAE0282C5C154700917346 /* Debug */,
				71BAE0292C5C154700917346 /* Release */,
			);
			defaultConfigurationIsVisible = 0;
			defaultConfigurationName = Release;
		};
		71BAE02A2C5C154700917346 /* Build configuration list for PBXNativeTarget "MoviesTests" */ = {
			isa = XCConfigurationList;
			buildConfigurations = (
				71BAE02B2C5C154700917346 /* Debug */,
				71BAE02C2C5C154700917346 /* Release */,
			);
			defaultConfigurationIsVisible = 0;
			defaultConfigurationName = Release;
		};
		71BAE02D2C5C154700917346 /* Build configuration list for PBXNativeTarget "MoviesUITests" */ = {
			isa = XCConfigurationList;
			buildConfigurations = (
				71BAE02E2C5C154700917346 /* Debug */,
				71BAE02F2C5C154700917346 /* Release */,
			);
			defaultConfigurationIsVisible = 0;
			defaultConfigurationName = Release;
		};
/* End XCConfigurationList section */

/* Begin XCVersionGroup section */
		716E788E2C5EB2CA00FA9EEB /* Movies.xcdatamodeld */ = {
			isa = XCVersionGroup;
			children = (
				716E788F2C5EB2CA00FA9EEB /* Movies.xcdatamodel */,
			);
			currentVersion = 716E788F2C5EB2CA00FA9EEB /* Movies.xcdatamodel */;
			path = Movies.xcdatamodeld;
			sourceTree = "<group>";
			versionGroupType = wrapper.xcdatamodel;
		};
/* End XCVersionGroup section */
	};
	rootObject = 71BADFF52C5C154500917346 /* Project object */;
}
